
Microsoft Visual Studio Solution File, Format Version 12.00
# Visual Studio Version 17
VisualStudioVersion = 17.9.34714.143
MinimumVisualStudioVersion = 10.0.40219.1
Project("{2150E333-8FDC-42A3-9474-1A3956D46DE8}") = "1.Framework", "1.Framework", "{A661BDC1-48C2-4064-8058-7F394B98A075}"
EndProject
Project("{9A19103F-16F7-4668-BE54-9A1E7A4F7556}") = "XiHan.Core", "src\XiHan.Core\XiHan.Core.csproj", "{FE255334-5198-425A-83AD-A5CECC6CC3F1}"
EndProject
Project("{2150E333-8FDC-42A3-9474-1A3956D46DE8}") = "2.Ddd", "2.Ddd", "{033178E4-70C4-4901-947B-FCC964FC0709}"
EndProject
Project("{9A19103F-16F7-4668-BE54-9A1E7A4F7556}") = "XiHan.Domain.Core", "src\XiHan.Domain.Core\XiHan.Domain.Core.csproj", "{6CB37456-7F69-44AA-AF61-7EB410A87924}"
EndProject
Project("{2150E333-8FDC-42A3-9474-1A3956D46DE8}") = "3.Infrastructures", "3.Infrastructures", "{8C9CD295-05B0-42D9-B607-84AA1DE60D2F}"
EndProject
Project("{9A19103F-16F7-4668-BE54-9A1E7A4F7556}") = "XiHan.Infrastructure.Core", "src\XiHan.Infrastructure.Core\XiHan.Infrastructure.Core.csproj", "{0C59FD7E-17B3-4F1F-B995-AC2F3580BFAA}"
EndProject
Project("{9A19103F-16F7-4668-BE54-9A1E7A4F7556}") = "XiHan.Infrastructure.Logging", "src\XiHan.Infrastructure.Logging\XiHan.Infrastructure.Logging.csproj", "{37371590-19A0-41B2-B15C-F4E25FB8F3BD}"
EndProject
Project("{9A19103F-16F7-4668-BE54-9A1E7A4F7556}") = "XiHan.Infrastructure.Caching", "src\XiHan.Infrastructure.Caching\XiHan.Infrastructure.Caching.csproj", "{5F5F2EF4-CC96-4EFC-9621-6CFCCBF36577}"
EndProject
Project("{9A19103F-16F7-4668-BE54-9A1E7A4F7556}") = "XiHan.Infrastructure.Persistence", "src\XiHan.Infrastructure.Persistence\XiHan.Infrastructure.Persistence.csproj", "{028F25CC-BBC7-411A-9B83-4D0548F1811C}"
EndProject
Project("{9A19103F-16F7-4668-BE54-9A1E7A4F7556}") = "XiHan.Infrastructure.Auth", "src\XiHan.Infrastructure.Auth\XiHan.Infrastructure.Auth.csproj", "{35784F53-7E19-4E5E-B276-E0248354657F}"
EndProject
Project("{9A19103F-16F7-4668-BE54-9A1E7A4F7556}") = "XiHan.Infrastructure.Scheduling", "src\XiHan.Infrastructure.Scheduling\XiHan.Infrastructure.Scheduling.csproj", "{057A82D2-5B3E-4941-88C0-ABABFB29F1DA}"
EndProject
Project("{9A19103F-16F7-4668-BE54-9A1E7A4F7556}") = "XiHan.Infrastructure.EventBus", "src\XiHan.Infrastructure.EventBus\XiHan.Infrastructure.EventBus.csproj", "{C3C1492E-DDBD-4F96-8396-F6EB4C139F18}"
EndProject
Project("{9A19103F-16F7-4668-BE54-9A1E7A4F7556}") = "XiHan.Infrastructure.AI", "src\XiHan.Infrastructure.AI\XiHan.Infrastructure.AI.csproj", "{94EF96A3-923A-4D9D-8CAA-F6AC155E193D}"
EndProject
Project("{9A19103F-16F7-4668-BE54-9A1E7A4F7556}") = "XiHan.Infrastructure.Communication", "src\XiHan.Infrastructure.Communication\XiHan.Infrastructure.Communication.csproj", "{87785897-5D92-4AEC-B10C-163AAFA51729}"
EndProject
Project("{2150E333-8FDC-42A3-9474-1A3956D46DE8}") = "4.Applications", "4.Applications", "{C47184A5-2317-47B8-9306-5B1CB36C0DB3}"
EndProject
Project("{9A19103F-16F7-4668-BE54-9A1E7A4F7556}") = "XiHan.Application.Core", "src\XiHan.Application.Core\XiHan.Application.Core.csproj", "{83C349A6-D53E-4301-A7F4-FAE17EF29911}"
EndProject
Project("{2150E333-8FDC-42A3-9474-1A3956D46DE8}") = "5.Presentations", "5.Presentations", "{3B8B9EBA-C058-4E93-A43B-D2F04571E095}"
EndProject
Project("{9A19103F-16F7-4668-BE54-9A1E7A4F7556}") = "XiHan.Presentation.Web.Core", "src\XiHan.Presentation.Web.Core\XiHan.Presentation.Web.Core.csproj", "{2BAE6EC4-80AE-4D92-9A96-1E3FB4F26557}"
EndProject
Project("{9A19103F-16F7-4668-BE54-9A1E7A4F7556}") = "XiHan.Presentation.Web.Host", "src\XiHan.Presentation.Web.Host\XiHan.Presentation.Web.Host.csproj", "{75848A3D-0CC8-423E-8A7E-8BAB777E11CA}"
EndProject
Project("{2150E333-8FDC-42A3-9474-1A3956D46DE8}") = "6.Tests", "6.Tests", "{7A3C9D16-7CD5-4C05-A43A-416A239ED8A6}"
EndProject
Project("{9A19103F-16F7-4668-BE54-9A1E7A4F7556}") = "XiHan.Test.Unit", "src\XiHan.Test.Unit\XiHan.Test.Unit.csproj", "{6C119216-F507-4430-97C8-B1C8F6DFEDE3}"
EndProject
Project("{9A19103F-16F7-4668-BE54-9A1E7A4F7556}") = "XiHan.Test.Console", "src\XiHan.Test.Console\XiHan.Test.Console.csproj", "{694CD9B8-A926-450F-BD1C-A556D6F5B71D}"
EndProject
Project("{9A19103F-16F7-4668-BE54-9A1E7A4F7556}") = "XiHan.Test.Web", "src\XiHan.Test.Web\XiHan.Test.Web.csproj", "{C64B043D-A797-4A1E-B148-8F0FD161EC18}"
EndProject
Project("{2150E333-8FDC-42A3-9474-1A3956D46DE8}") = "7.Others", "7.Others", "{20EB1AA9-0BC2-44AA-B89D-71E8DA562A0F}"
	ProjectSection(SolutionItems) = preProject
		.editorconfig = .editorconfig
		.gitignore = .gitignore
		CodeMaid.config = CodeMaid.config
		props\common.props = props\common.props
		readme\LICENSE = readme\LICENSE
		readme\readme.md = readme\readme.md
		readme\readme.png = readme\readme.png
		snks\XiHan.snk = snks\XiHan.snk
	EndProjectSection
EndProject
Global
	GlobalSection(SolutionConfigurationPlatforms) = preSolution
		Debug|Any CPU = Debug|Any CPU
		Release|Any CPU = Release|Any CPU
	EndGlobalSection
	GlobalSection(ProjectConfigurationPlatforms) = postSolution
		{FE255334-5198-425A-83AD-A5CECC6CC3F1}.Debug|Any CPU.ActiveCfg = Debug|Any CPU
		{FE255334-5198-425A-83AD-A5CECC6CC3F1}.Debug|Any CPU.Build.0 = Debug|Any CPU
		{FE255334-5198-425A-83AD-A5CECC6CC3F1}.Release|Any CPU.ActiveCfg = Release|Any CPU
		{FE255334-5198-425A-83AD-A5CECC6CC3F1}.Release|Any CPU.Build.0 = Release|Any CPU
		{6CB37456-7F69-44AA-AF61-7EB410A87924}.Debug|Any CPU.ActiveCfg = Debug|Any CPU
		{6CB37456-7F69-44AA-AF61-7EB410A87924}.Debug|Any CPU.Build.0 = Debug|Any CPU
		{6CB37456-7F69-44AA-AF61-7EB410A87924}.Release|Any CPU.ActiveCfg = Release|Any CPU
		{6CB37456-7F69-44AA-AF61-7EB410A87924}.Release|Any CPU.Build.0 = Release|Any CPU
		{0C59FD7E-17B3-4F1F-B995-AC2F3580BFAA}.Debug|Any CPU.ActiveCfg = Debug|Any CPU
		{0C59FD7E-17B3-4F1F-B995-AC2F3580BFAA}.Debug|Any CPU.Build.0 = Debug|Any CPU
		{0C59FD7E-17B3-4F1F-B995-AC2F3580BFAA}.Release|Any CPU.ActiveCfg = Release|Any CPU
		{0C59FD7E-17B3-4F1F-B995-AC2F3580BFAA}.Release|Any CPU.Build.0 = Release|Any CPU
		{37371590-19A0-41B2-B15C-F4E25FB8F3BD}.Debug|Any CPU.ActiveCfg = Debug|Any CPU
		{37371590-19A0-41B2-B15C-F4E25FB8F3BD}.Debug|Any CPU.Build.0 = Debug|Any CPU
		{37371590-19A0-41B2-B15C-F4E25FB8F3BD}.Release|Any CPU.ActiveCfg = Release|Any CPU
		{37371590-19A0-41B2-B15C-F4E25FB8F3BD}.Release|Any CPU.Build.0 = Release|Any CPU
		{5F5F2EF4-CC96-4EFC-9621-6CFCCBF36577}.Debug|Any CPU.ActiveCfg = Debug|Any CPU
		{5F5F2EF4-CC96-4EFC-9621-6CFCCBF36577}.Debug|Any CPU.Build.0 = Debug|Any CPU
		{5F5F2EF4-CC96-4EFC-9621-6CFCCBF36577}.Release|Any CPU.ActiveCfg = Release|Any CPU
		{5F5F2EF4-CC96-4EFC-9621-6CFCCBF36577}.Release|Any CPU.Build.0 = Release|Any CPU
		{028F25CC-BBC7-411A-9B83-4D0548F1811C}.Debug|Any CPU.ActiveCfg = Debug|Any CPU
		{028F25CC-BBC7-411A-9B83-4D0548F1811C}.Debug|Any CPU.Build.0 = Debug|Any CPU
		{028F25CC-BBC7-411A-9B83-4D0548F1811C}.Release|Any CPU.ActiveCfg = Release|Any CPU
		{028F25CC-BBC7-411A-9B83-4D0548F1811C}.Release|Any CPU.Build.0 = Release|Any CPU
		{35784F53-7E19-4E5E-B276-E0248354657F}.Debug|Any CPU.ActiveCfg = Debug|Any CPU
		{35784F53-7E19-4E5E-B276-E0248354657F}.Debug|Any CPU.Build.0 = Debug|Any CPU
		{35784F53-7E19-4E5E-B276-E0248354657F}.Release|Any CPU.ActiveCfg = Release|Any CPU
		{35784F53-7E19-4E5E-B276-E0248354657F}.Release|Any CPU.Build.0 = Release|Any CPU
		{057A82D2-5B3E-4941-88C0-ABABFB29F1DA}.Debug|Any CPU.ActiveCfg = Debug|Any CPU
		{057A82D2-5B3E-4941-88C0-ABABFB29F1DA}.Debug|Any CPU.Build.0 = Debug|Any CPU
		{057A82D2-5B3E-4941-88C0-ABABFB29F1DA}.Release|Any CPU.ActiveCfg = Release|Any CPU
		{057A82D2-5B3E-4941-88C0-ABABFB29F1DA}.Release|Any CPU.Build.0 = Release|Any CPU
		{C3C1492E-DDBD-4F96-8396-F6EB4C139F18}.Debug|Any CPU.ActiveCfg = Debug|Any CPU
		{C3C1492E-DDBD-4F96-8396-F6EB4C139F18}.Debug|Any CPU.Build.0 = Debug|Any CPU
		{C3C1492E-DDBD-4F96-8396-F6EB4C139F18}.Release|Any CPU.ActiveCfg = Release|Any CPU
		{C3C1492E-DDBD-4F96-8396-F6EB4C139F18}.Release|Any CPU.Build.0 = Release|Any CPU
		{94EF96A3-923A-4D9D-8CAA-F6AC155E193D}.Debug|Any CPU.ActiveCfg = Debug|Any CPU
		{94EF96A3-923A-4D9D-8CAA-F6AC155E193D}.Debug|Any CPU.Build.0 = Debug|Any CPU
		{94EF96A3-923A-4D9D-8CAA-F6AC155E193D}.Release|Any CPU.ActiveCfg = Release|Any CPU
		{94EF96A3-923A-4D9D-8CAA-F6AC155E193D}.Release|Any CPU.Build.0 = Release|Any CPU
		{87785897-5D92-4AEC-B10C-163AAFA51729}.Debug|Any CPU.ActiveCfg = Debug|Any CPU
		{87785897-5D92-4AEC-B10C-163AAFA51729}.Debug|Any CPU.Build.0 = Debug|Any CPU
		{87785897-5D92-4AEC-B10C-163AAFA51729}.Release|Any CPU.ActiveCfg = Release|Any CPU
		{87785897-5D92-4AEC-B10C-163AAFA51729}.Release|Any CPU.Build.0 = Release|Any CPU
		{83C349A6-D53E-4301-A7F4-FAE17EF29911}.Debug|Any CPU.ActiveCfg = Debug|Any CPU
		{83C349A6-D53E-4301-A7F4-FAE17EF29911}.Debug|Any CPU.Build.0 = Debug|Any CPU
		{83C349A6-D53E-4301-A7F4-FAE17EF29911}.Release|Any CPU.ActiveCfg = Release|Any CPU
		{83C349A6-D53E-4301-A7F4-FAE17EF29911}.Release|Any CPU.Build.0 = Release|Any CPU
		{2BAE6EC4-80AE-4D92-9A96-1E3FB4F26557}.Debug|Any CPU.ActiveCfg = Debug|Any CPU
		{2BAE6EC4-80AE-4D92-9A96-1E3FB4F26557}.Debug|Any CPU.Build.0 = Debug|Any CPU
		{2BAE6EC4-80AE-4D92-9A96-1E3FB4F26557}.Release|Any CPU.ActiveCfg = Release|Any CPU
		{2BAE6EC4-80AE-4D92-9A96-1E3FB4F26557}.Release|Any CPU.Build.0 = Release|Any CPU
		{75848A3D-0CC8-423E-8A7E-8BAB777E11CA}.Debug|Any CPU.ActiveCfg = Debug|Any CPU
		{75848A3D-0CC8-423E-8A7E-8BAB777E11CA}.Debug|Any CPU.Build.0 = Debug|Any CPU
		{75848A3D-0CC8-423E-8A7E-8BAB777E11CA}.Release|Any CPU.ActiveCfg = Release|Any CPU
		{75848A3D-0CC8-423E-8A7E-8BAB777E11CA}.Release|Any CPU.Build.0 = Release|Any CPU
		{6C119216-F507-4430-97C8-B1C8F6DFEDE3}.Debug|Any CPU.ActiveCfg = Debug|Any CPU
		{6C119216-F507-4430-97C8-B1C8F6DFEDE3}.Debug|Any CPU.Build.0 = Debug|Any CPU
		{6C119216-F507-4430-97C8-B1C8F6DFEDE3}.Release|Any CPU.ActiveCfg = Release|Any CPU
		{6C119216-F507-4430-97C8-B1C8F6DFEDE3}.Release|Any CPU.Build.0 = Release|Any CPU
		{694CD9B8-A926-450F-BD1C-A556D6F5B71D}.Debug|Any CPU.ActiveCfg = Debug|Any CPU
		{694CD9B8-A926-450F-BD1C-A556D6F5B71D}.Debug|Any CPU.Build.0 = Debug|Any CPU
		{694CD9B8-A926-450F-BD1C-A556D6F5B71D}.Release|Any CPU.ActiveCfg = Release|Any CPU
		{694CD9B8-A926-450F-BD1C-A556D6F5B71D}.Release|Any CPU.Build.0 = Release|Any CPU
		{C64B043D-A797-4A1E-B148-8F0FD161EC18}.Debug|Any CPU.ActiveCfg = Debug|Any CPU
		{C64B043D-A797-4A1E-B148-8F0FD161EC18}.Debug|Any CPU.Build.0 = Debug|Any CPU
		{C64B043D-A797-4A1E-B148-8F0FD161EC18}.Release|Any CPU.ActiveCfg = Release|Any CPU
		{C64B043D-A797-4A1E-B148-8F0FD161EC18}.Release|Any CPU.Build.0 = Release|Any CPU
	EndGlobalSection
	GlobalSection(SolutionProperties) = preSolution
		HideSolutionNode = FALSE
	EndGlobalSection
	GlobalSection(NestedProjects) = preSolution
		{FE255334-5198-425A-83AD-A5CECC6CC3F1} = {A661BDC1-48C2-4064-8058-7F394B98A075}
		{6CB37456-7F69-44AA-AF61-7EB410A87924} = {033178E4-70C4-4901-947B-FCC964FC0709}
		{0C59FD7E-17B3-4F1F-B995-AC2F3580BFAA} = {8C9CD295-05B0-42D9-B607-84AA1DE60D2F}
		{37371590-19A0-41B2-B15C-F4E25FB8F3BD} = {8C9CD295-05B0-42D9-B607-84AA1DE60D2F}
		{5F5F2EF4-CC96-4EFC-9621-6CFCCBF36577} = {8C9CD295-05B0-42D9-B607-84AA1DE60D2F}
		{028F25CC-BBC7-411A-9B83-4D0548F1811C} = {8C9CD295-05B0-42D9-B607-84AA1DE60D2F}
		{35784F53-7E19-4E5E-B276-E0248354657F} = {8C9CD295-05B0-42D9-B607-84AA1DE60D2F}
		{057A82D2-5B3E-4941-88C0-ABABFB29F1DA} = {8C9CD295-05B0-42D9-B607-84AA1DE60D2F}
		{C3C1492E-DDBD-4F96-8396-F6EB4C139F18} = {8C9CD295-05B0-42D9-B607-84AA1DE60D2F}
		{94EF96A3-923A-4D9D-8CAA-F6AC155E193D} = {8C9CD295-05B0-42D9-B607-84AA1DE60D2F}
		{87785897-5D92-4AEC-B10C-163AAFA51729} = {8C9CD295-05B0-42D9-B607-84AA1DE60D2F}
		{83C349A6-D53E-4301-A7F4-FAE17EF29911} = {C47184A5-2317-47B8-9306-5B1CB36C0DB3}
		{2BAE6EC4-80AE-4D92-9A96-1E3FB4F26557} = {3B8B9EBA-C058-4E93-A43B-D2F04571E095}
		{75848A3D-0CC8-423E-8A7E-8BAB777E11CA} = {3B8B9EBA-C058-4E93-A43B-D2F04571E095}
		{6C119216-F507-4430-97C8-B1C8F6DFEDE3} = {7A3C9D16-7CD5-4C05-A43A-416A239ED8A6}
		{694CD9B8-A926-450F-BD1C-A556D6F5B71D} = {7A3C9D16-7CD5-4C05-A43A-416A239ED8A6}
		{C64B043D-A797-4A1E-B148-8F0FD161EC18} = {7A3C9D16-7CD5-4C05-A43A-416A239ED8A6}
	EndGlobalSection
	GlobalSection(ExtensibilityGlobals) = postSolution
		SolutionGuid = {AD12BB5A-EB6A-4FA7-A0AD-BEA6178584F5}
	EndGlobalSection
EndGlobal
