
Microsoft Visual Studio Solution File, Format Version 12.00
# Visual Studio Version 17
VisualStudioVersion = 17.9.34714.143
MinimumVisualStudioVersion = 10.0.40219.1
Project("{2150E333-8FDC-42A3-9474-1A3956D46DE8}") = "1.Framework", "1.Framework", "{28FA60F1-F110-4884-9188-FE239574F0FD}"
EndProject
Project("{2150E333-8FDC-42A3-9474-1A3956D46DE8}") = "2.Ddd", "2.Ddd", "{033178E4-70C4-4901-947B-FCC964FC0709}"
EndProject
Project("{2150E333-8FDC-42A3-9474-1A3956D46DE8}") = "3.Test", "3.Test", "{7A3C9D16-7CD5-4C05-A43A-416A239ED8A6}"
EndProject
Project("{2150E333-8FDC-42A3-9474-1A3956D46DE8}") = "4.Other", "4.Other", "{20EB1AA9-0BC2-44AA-B89D-71E8DA562A0F}"
	ProjectSection(SolutionItems) = preProject
		.editorconfig = .editorconfig
		.gitignore = .gitignore
		CodeMaid.config = CodeMaid.config
		props\common.props = props\common.props
		readme\LICENSE = readme\LICENSE
		readme\readme.png = readme\readme.png
		snks\XiHanFramework.snk = snks\XiHanFramework.snk
	EndProjectSection
EndProject
Project("{9A19103F-16F7-4668-BE54-9A1E7A4F7556}") = "XiHan.Framework.AI", "src\XiHan.Framework.AI\XiHan.Framework.AI.csproj", "{0228C69E-E3CE-45E3-BFF8-E777919FE750}"
EndProject
Project("{9A19103F-16F7-4668-BE54-9A1E7A4F7556}") = "XiHan.Framework.Auth", "src\XiHan.Framework.Auth\XiHan.Framework.Auth.csproj", "{8FAE496A-65D4-4B49-A828-E5FE3D2B3FCB}"
EndProject
Project("{9A19103F-16F7-4668-BE54-9A1E7A4F7556}") = "XiHan.Framework.Caching", "src\XiHan.Framework.Caching\XiHan.Framework.Caching.csproj", "{464D349D-CEA3-4243-9601-135429BA244C}"
EndProject
Project("{9A19103F-16F7-4668-BE54-9A1E7A4F7556}") = "XiHan.Framework.Communication", "src\XiHan.Framework.Communication\XiHan.Framework.Communication.csproj", "{784ED814-13ED-45A5-A10B-5D79AA0C488E}"
EndProject
Project("{9A19103F-16F7-4668-BE54-9A1E7A4F7556}") = "XiHan.Framework.Core", "src\XiHan.Framework.Core\XiHan.Framework.Core.csproj", "{38070EB2-967C-440A-8A53-A803F443A880}"
EndProject
Project("{9A19103F-16F7-4668-BE54-9A1E7A4F7556}") = "XiHan.Framework.EventBus", "src\XiHan.Framework.EventBus\XiHan.Framework.EventBus.csproj", "{75236B9A-B7E3-4ACC-87E1-06AE10222C67}"
EndProject
Project("{9A19103F-16F7-4668-BE54-9A1E7A4F7556}") = "XiHan.Framework.Logging", "src\XiHan.Framework.Logging\XiHan.Framework.Logging.csproj", "{6E82FB07-EF9F-412F-A513-947C76D5075E}"
EndProject
Project("{9A19103F-16F7-4668-BE54-9A1E7A4F7556}") = "XiHan.Framework.Persistence", "src\XiHan.Framework.Persistence\XiHan.Framework.Persistence.csproj", "{3E3E179E-141E-42EE-B91A-F90209A20A2F}"
EndProject
Project("{9A19103F-16F7-4668-BE54-9A1E7A4F7556}") = "XiHan.Framework.Scheduling", "src\XiHan.Framework.Scheduling\XiHan.Framework.Scheduling.csproj", "{F38E6AA9-CB9E-4BE9-869E-07CC3D3DE4A6}"
EndProject
Project("{9A19103F-16F7-4668-BE54-9A1E7A4F7556}") = "XiHan.Ddd.Application", "src\XiHan.Ddd.Application\XiHan.Ddd.Application.csproj", "{DDB0E32E-837F-4F43-B896-90ADC5C5D5FC}"
EndProject
Project("{9A19103F-16F7-4668-BE54-9A1E7A4F7556}") = "XiHan.Ddd.Domain", "src\XiHan.Ddd.Domain\XiHan.Ddd.Domain.csproj", "{2DBC8942-BAE0-496E-9E01-CD11642A3220}"
EndProject
Project("{9A19103F-16F7-4668-BE54-9A1E7A4F7556}") = "XiHan.Ddd.Infrastructure", "src\XiHan.Ddd.Infrastructure\XiHan.Ddd.Infrastructure.csproj", "{5CD41134-E62F-4CE8-95E6-D567F3C663E9}"
EndProject
Project("{9A19103F-16F7-4668-BE54-9A1E7A4F7556}") = "XiHan.Ddd.Presentation.WebCore", "src\XiHan.Ddd.Presentation.WebCore\XiHan.Ddd.Presentation.WebCore.csproj", "{0C941791-1733-4F8C-9486-2E5236757B07}"
EndProject
Project("{9A19103F-16F7-4668-BE54-9A1E7A4F7556}") = "XiHan.Ddd.Presentation.WebHost", "src\XiHan.Ddd.Presentation.WebHost\XiHan.Ddd.Presentation.WebHost.csproj", "{156AE68E-3C1B-4111-B74B-50F6D9DF54CB}"
EndProject
Project("{9A19103F-16F7-4668-BE54-9A1E7A4F7556}") = "XiHan.Test.Console", "src\XiHan.Test.Console\XiHan.Test.Console.csproj", "{C86862E2-43EC-4CCD-9A00-93D325832CF4}"
EndProject
Project("{9A19103F-16F7-4668-BE54-9A1E7A4F7556}") = "XiHan.Test.Unit", "src\XiHan.Test.Unit\XiHan.Test.Unit.csproj", "{526EA079-CDA1-41E9-996E-32719C6492F4}"
EndProject
Project("{9A19103F-16F7-4668-BE54-9A1E7A4F7556}") = "XiHan.Test.Web", "src\XiHan.Test.Web\XiHan.Test.Web.csproj", "{46B5134A-202A-4FCD-BD48-99BA5A5CAA32}"
EndProject
Project("{9A19103F-16F7-4668-BE54-9A1E7A4F7556}") = "XiHan.Framework.Auditing", "src\XiHan.Framework.Auditing\XiHan.Framework.Auditing.csproj", "{FB570FB2-D936-4E2D-9747-E21BB26520FE}"
EndProject
Global
	GlobalSection(SolutionConfigurationPlatforms) = preSolution
		Debug|Any CPU = Debug|Any CPU
		Release|Any CPU = Release|Any CPU
	EndGlobalSection
	GlobalSection(ProjectConfigurationPlatforms) = postSolution
		{0228C69E-E3CE-45E3-BFF8-E777919FE750}.Debug|Any CPU.ActiveCfg = Debug|Any CPU
		{0228C69E-E3CE-45E3-BFF8-E777919FE750}.Debug|Any CPU.Build.0 = Debug|Any CPU
		{0228C69E-E3CE-45E3-BFF8-E777919FE750}.Release|Any CPU.ActiveCfg = Release|Any CPU
		{0228C69E-E3CE-45E3-BFF8-E777919FE750}.Release|Any CPU.Build.0 = Release|Any CPU
		{8FAE496A-65D4-4B49-A828-E5FE3D2B3FCB}.Debug|Any CPU.ActiveCfg = Debug|Any CPU
		{8FAE496A-65D4-4B49-A828-E5FE3D2B3FCB}.Debug|Any CPU.Build.0 = Debug|Any CPU
		{8FAE496A-65D4-4B49-A828-E5FE3D2B3FCB}.Release|Any CPU.ActiveCfg = Release|Any CPU
		{8FAE496A-65D4-4B49-A828-E5FE3D2B3FCB}.Release|Any CPU.Build.0 = Release|Any CPU
		{464D349D-CEA3-4243-9601-135429BA244C}.Debug|Any CPU.ActiveCfg = Debug|Any CPU
		{464D349D-CEA3-4243-9601-135429BA244C}.Debug|Any CPU.Build.0 = Debug|Any CPU
		{464D349D-CEA3-4243-9601-135429BA244C}.Release|Any CPU.ActiveCfg = Release|Any CPU
		{464D349D-CEA3-4243-9601-135429BA244C}.Release|Any CPU.Build.0 = Release|Any CPU
		{784ED814-13ED-45A5-A10B-5D79AA0C488E}.Debug|Any CPU.ActiveCfg = Debug|Any CPU
		{784ED814-13ED-45A5-A10B-5D79AA0C488E}.Debug|Any CPU.Build.0 = Debug|Any CPU
		{784ED814-13ED-45A5-A10B-5D79AA0C488E}.Release|Any CPU.ActiveCfg = Release|Any CPU
		{784ED814-13ED-45A5-A10B-5D79AA0C488E}.Release|Any CPU.Build.0 = Release|Any CPU
		{38070EB2-967C-440A-8A53-A803F443A880}.Debug|Any CPU.ActiveCfg = Debug|Any CPU
		{38070EB2-967C-440A-8A53-A803F443A880}.Debug|Any CPU.Build.0 = Debug|Any CPU
		{38070EB2-967C-440A-8A53-A803F443A880}.Release|Any CPU.ActiveCfg = Release|Any CPU
		{38070EB2-967C-440A-8A53-A803F443A880}.Release|Any CPU.Build.0 = Release|Any CPU
		{75236B9A-B7E3-4ACC-87E1-06AE10222C67}.Debug|Any CPU.ActiveCfg = Debug|Any CPU
		{75236B9A-B7E3-4ACC-87E1-06AE10222C67}.Debug|Any CPU.Build.0 = Debug|Any CPU
		{75236B9A-B7E3-4ACC-87E1-06AE10222C67}.Release|Any CPU.ActiveCfg = Release|Any CPU
		{75236B9A-B7E3-4ACC-87E1-06AE10222C67}.Release|Any CPU.Build.0 = Release|Any CPU
		{6E82FB07-EF9F-412F-A513-947C76D5075E}.Debug|Any CPU.ActiveCfg = Debug|Any CPU
		{6E82FB07-EF9F-412F-A513-947C76D5075E}.Debug|Any CPU.Build.0 = Debug|Any CPU
		{6E82FB07-EF9F-412F-A513-947C76D5075E}.Release|Any CPU.ActiveCfg = Release|Any CPU
		{6E82FB07-EF9F-412F-A513-947C76D5075E}.Release|Any CPU.Build.0 = Release|Any CPU
		{3E3E179E-141E-42EE-B91A-F90209A20A2F}.Debug|Any CPU.ActiveCfg = Debug|Any CPU
		{3E3E179E-141E-42EE-B91A-F90209A20A2F}.Debug|Any CPU.Build.0 = Debug|Any CPU
		{3E3E179E-141E-42EE-B91A-F90209A20A2F}.Release|Any CPU.ActiveCfg = Release|Any CPU
		{3E3E179E-141E-42EE-B91A-F90209A20A2F}.Release|Any CPU.Build.0 = Release|Any CPU
		{F38E6AA9-CB9E-4BE9-869E-07CC3D3DE4A6}.Debug|Any CPU.ActiveCfg = Debug|Any CPU
		{F38E6AA9-CB9E-4BE9-869E-07CC3D3DE4A6}.Debug|Any CPU.Build.0 = Debug|Any CPU
		{F38E6AA9-CB9E-4BE9-869E-07CC3D3DE4A6}.Release|Any CPU.ActiveCfg = Release|Any CPU
		{F38E6AA9-CB9E-4BE9-869E-07CC3D3DE4A6}.Release|Any CPU.Build.0 = Release|Any CPU
		{DDB0E32E-837F-4F43-B896-90ADC5C5D5FC}.Debug|Any CPU.ActiveCfg = Debug|Any CPU
		{DDB0E32E-837F-4F43-B896-90ADC5C5D5FC}.Debug|Any CPU.Build.0 = Debug|Any CPU
		{DDB0E32E-837F-4F43-B896-90ADC5C5D5FC}.Release|Any CPU.ActiveCfg = Release|Any CPU
		{DDB0E32E-837F-4F43-B896-90ADC5C5D5FC}.Release|Any CPU.Build.0 = Release|Any CPU
		{2DBC8942-BAE0-496E-9E01-CD11642A3220}.Debug|Any CPU.ActiveCfg = Debug|Any CPU
		{2DBC8942-BAE0-496E-9E01-CD11642A3220}.Debug|Any CPU.Build.0 = Debug|Any CPU
		{2DBC8942-BAE0-496E-9E01-CD11642A3220}.Release|Any CPU.ActiveCfg = Release|Any CPU
		{2DBC8942-BAE0-496E-9E01-CD11642A3220}.Release|Any CPU.Build.0 = Release|Any CPU
		{5CD41134-E62F-4CE8-95E6-D567F3C663E9}.Debug|Any CPU.ActiveCfg = Debug|Any CPU
		{5CD41134-E62F-4CE8-95E6-D567F3C663E9}.Debug|Any CPU.Build.0 = Debug|Any CPU
		{5CD41134-E62F-4CE8-95E6-D567F3C663E9}.Release|Any CPU.ActiveCfg = Release|Any CPU
		{5CD41134-E62F-4CE8-95E6-D567F3C663E9}.Release|Any CPU.Build.0 = Release|Any CPU
		{0C941791-1733-4F8C-9486-2E5236757B07}.Debug|Any CPU.ActiveCfg = Debug|Any CPU
		{0C941791-1733-4F8C-9486-2E5236757B07}.Debug|Any CPU.Build.0 = Debug|Any CPU
		{0C941791-1733-4F8C-9486-2E5236757B07}.Release|Any CPU.ActiveCfg = Release|Any CPU
		{0C941791-1733-4F8C-9486-2E5236757B07}.Release|Any CPU.Build.0 = Release|Any CPU
		{156AE68E-3C1B-4111-B74B-50F6D9DF54CB}.Debug|Any CPU.ActiveCfg = Debug|Any CPU
		{156AE68E-3C1B-4111-B74B-50F6D9DF54CB}.Debug|Any CPU.Build.0 = Debug|Any CPU
		{156AE68E-3C1B-4111-B74B-50F6D9DF54CB}.Release|Any CPU.ActiveCfg = Release|Any CPU
		{156AE68E-3C1B-4111-B74B-50F6D9DF54CB}.Release|Any CPU.Build.0 = Release|Any CPU
		{C86862E2-43EC-4CCD-9A00-93D325832CF4}.Debug|Any CPU.ActiveCfg = Debug|Any CPU
		{C86862E2-43EC-4CCD-9A00-93D325832CF4}.Debug|Any CPU.Build.0 = Debug|Any CPU
		{C86862E2-43EC-4CCD-9A00-93D325832CF4}.Release|Any CPU.ActiveCfg = Release|Any CPU
		{C86862E2-43EC-4CCD-9A00-93D325832CF4}.Release|Any CPU.Build.0 = Release|Any CPU
		{526EA079-CDA1-41E9-996E-32719C6492F4}.Debug|Any CPU.ActiveCfg = Debug|Any CPU
		{526EA079-CDA1-41E9-996E-32719C6492F4}.Debug|Any CPU.Build.0 = Debug|Any CPU
		{526EA079-CDA1-41E9-996E-32719C6492F4}.Release|Any CPU.ActiveCfg = Release|Any CPU
		{526EA079-CDA1-41E9-996E-32719C6492F4}.Release|Any CPU.Build.0 = Release|Any CPU
		{46B5134A-202A-4FCD-BD48-99BA5A5CAA32}.Debug|Any CPU.ActiveCfg = Debug|Any CPU
		{46B5134A-202A-4FCD-BD48-99BA5A5CAA32}.Debug|Any CPU.Build.0 = Debug|Any CPU
		{46B5134A-202A-4FCD-BD48-99BA5A5CAA32}.Release|Any CPU.ActiveCfg = Release|Any CPU
		{46B5134A-202A-4FCD-BD48-99BA5A5CAA32}.Release|Any CPU.Build.0 = Release|Any CPU
		{FB570FB2-D936-4E2D-9747-E21BB26520FE}.Debug|Any CPU.ActiveCfg = Debug|Any CPU
		{FB570FB2-D936-4E2D-9747-E21BB26520FE}.Debug|Any CPU.Build.0 = Debug|Any CPU
		{FB570FB2-D936-4E2D-9747-E21BB26520FE}.Release|Any CPU.ActiveCfg = Release|Any CPU
		{FB570FB2-D936-4E2D-9747-E21BB26520FE}.Release|Any CPU.Build.0 = Release|Any CPU
	EndGlobalSection
	GlobalSection(SolutionProperties) = preSolution
		HideSolutionNode = FALSE
	EndGlobalSection
	GlobalSection(NestedProjects) = preSolution
		{0228C69E-E3CE-45E3-BFF8-E777919FE750} = {28FA60F1-F110-4884-9188-FE239574F0FD}
		{8FAE496A-65D4-4B49-A828-E5FE3D2B3FCB} = {28FA60F1-F110-4884-9188-FE239574F0FD}
		{464D349D-CEA3-4243-9601-135429BA244C} = {28FA60F1-F110-4884-9188-FE239574F0FD}
		{784ED814-13ED-45A5-A10B-5D79AA0C488E} = {28FA60F1-F110-4884-9188-FE239574F0FD}
		{38070EB2-967C-440A-8A53-A803F443A880} = {28FA60F1-F110-4884-9188-FE239574F0FD}
		{75236B9A-B7E3-4ACC-87E1-06AE10222C67} = {28FA60F1-F110-4884-9188-FE239574F0FD}
		{6E82FB07-EF9F-412F-A513-947C76D5075E} = {28FA60F1-F110-4884-9188-FE239574F0FD}
		{3E3E179E-141E-42EE-B91A-F90209A20A2F} = {28FA60F1-F110-4884-9188-FE239574F0FD}
		{F38E6AA9-CB9E-4BE9-869E-07CC3D3DE4A6} = {28FA60F1-F110-4884-9188-FE239574F0FD}
		{DDB0E32E-837F-4F43-B896-90ADC5C5D5FC} = {033178E4-70C4-4901-947B-FCC964FC0709}
		{2DBC8942-BAE0-496E-9E01-CD11642A3220} = {033178E4-70C4-4901-947B-FCC964FC0709}
		{5CD41134-E62F-4CE8-95E6-D567F3C663E9} = {033178E4-70C4-4901-947B-FCC964FC0709}
		{0C941791-1733-4F8C-9486-2E5236757B07} = {033178E4-70C4-4901-947B-FCC964FC0709}
		{156AE68E-3C1B-4111-B74B-50F6D9DF54CB} = {033178E4-70C4-4901-947B-FCC964FC0709}
		{C86862E2-43EC-4CCD-9A00-93D325832CF4} = {7A3C9D16-7CD5-4C05-A43A-416A239ED8A6}
		{526EA079-CDA1-41E9-996E-32719C6492F4} = {7A3C9D16-7CD5-4C05-A43A-416A239ED8A6}
		{46B5134A-202A-4FCD-BD48-99BA5A5CAA32} = {7A3C9D16-7CD5-4C05-A43A-416A239ED8A6}
		{FB570FB2-D936-4E2D-9747-E21BB26520FE} = {28FA60F1-F110-4884-9188-FE239574F0FD}
	EndGlobalSection
	GlobalSection(ExtensibilityGlobals) = postSolution
		SolutionGuid = {AD12BB5A-EB6A-4FA7-A0AD-BEA6178584F5}
	EndGlobalSection
EndGlobal
