
Microsoft Visual Studio Solution File, Format Version 12.00
# Visual Studio Version 17
VisualStudioVersion = 17.9.34714.143
MinimumVisualStudioVersion = 10.0.40219.1
Project("{2150E333-8FDC-42A3-9474-1A3956D46DE8}") = "1.Core", "1.Core", "{28FA60F1-F110-4884-9188-FE239574F0FD}"
EndProject
Project("{2150E333-8FDC-42A3-9474-1A3956D46DE8}") = "2.Test", "2.Test", "{7A3C9D16-7CD5-4C05-A43A-416A239ED8A6}"
EndProject
Project("{2150E333-8FDC-42A3-9474-1A3956D46DE8}") = "3.Other", "3.Other", "{20EB1AA9-0BC2-44AA-B89D-71E8DA562A0F}"
	ProjectSection(SolutionItems) = preProject
		.editorconfig = .editorconfig
		.gitignore = .gitignore
		CodeMaid.config = CodeMaid.config
		props\common.props = props\common.props
		nuget\LICENSE = nuget\LICENSE
		nuget\readme.md = nuget\readme.md
		nuget\readme.png = nuget\readme.png
		snks\XiHanFramework.snk = snks\XiHanFramework.snk
	EndProjectSection
EndProject
Project("{9A19103F-16F7-4668-BE54-9A1E7A4F7556}") = "XiHan.Ddd.Application", "src\XiHan.Ddd.Application\XiHan.Ddd.Application.csproj", "{DDB0E32E-837F-4F43-B896-90ADC5C5D5FC}"
EndProject
Project("{9A19103F-16F7-4668-BE54-9A1E7A4F7556}") = "XiHan.Ddd.Domain", "src\XiHan.Ddd.Domain\XiHan.Ddd.Domain.csproj", "{2DBC8942-BAE0-496E-9E01-CD11642A3220}"
EndProject
Project("{9A19103F-16F7-4668-BE54-9A1E7A4F7556}") = "XiHan.Test.Console", "src\XiHan.Test.Console\XiHan.Test.Console.csproj", "{C86862E2-43EC-4CCD-9A00-93D325832CF4}"
EndProject
Project("{9A19103F-16F7-4668-BE54-9A1E7A4F7556}") = "XiHan.Test.Unit", "src\XiHan.Test.Unit\XiHan.Test.Unit.csproj", "{526EA079-CDA1-41E9-996E-32719C6492F4}"
EndProject
Project("{9A19103F-16F7-4668-BE54-9A1E7A4F7556}") = "XiHan.Test.Web", "src\XiHan.Test.Web\XiHan.Test.Web.csproj", "{46B5134A-202A-4FCD-BD48-99BA5A5CAA32}"
EndProject
Project("{9A19103F-16F7-4668-BE54-9A1E7A4F7556}") = "XiHan.AspNetCore", "src\XiHan.AspNetCore\XiHan.AspNetCore.csproj", "{F9F40037-BDD0-4008-97FE-CE1B7749FB95}"
EndProject
Project("{9A19103F-16F7-4668-BE54-9A1E7A4F7556}") = "XiHan.AI", "src\XiHan.AI\XiHan.AI.csproj", "{2C3205E6-CBD8-4966-B449-6354EF4665FE}"
EndProject
Project("{9A19103F-16F7-4668-BE54-9A1E7A4F7556}") = "XiHan.Auditing", "src\XiHan.Auditing\XiHan.Auditing.csproj", "{F47577EB-7339-4C41-B697-A2F28E4CD9DB}"
EndProject
Project("{9A19103F-16F7-4668-BE54-9A1E7A4F7556}") = "XiHan.Auth", "src\XiHan.Auth\XiHan.Auth.csproj", "{4D7FD4BA-86B9-4986-921A-8450F73DBE5C}"
EndProject
Project("{9A19103F-16F7-4668-BE54-9A1E7A4F7556}") = "XiHan.Caching", "src\XiHan.Caching\XiHan.Caching.csproj", "{ABD82191-8E43-4959-98B5-3C82F3C66460}"
EndProject
Project("{9A19103F-16F7-4668-BE54-9A1E7A4F7556}") = "XiHan.Communication", "src\XiHan.Communication\XiHan.Communication.csproj", "{B43303E1-BF66-4775-90E7-848F3E3CFF77}"
EndProject
Project("{9A19103F-16F7-4668-BE54-9A1E7A4F7556}") = "XiHan.Core", "src\XiHan.Core\XiHan.Core.csproj", "{07ECB889-C93C-4E70-84B2-843DCB0BB343}"
EndProject
Project("{9A19103F-16F7-4668-BE54-9A1E7A4F7556}") = "XiHan.EventBus", "src\XiHan.EventBus\XiHan.EventBus.csproj", "{15261C7B-0588-45AE-9F8D-17BC13C26116}"
EndProject
Project("{9A19103F-16F7-4668-BE54-9A1E7A4F7556}") = "XiHan.Logging", "src\XiHan.Logging\XiHan.Logging.csproj", "{9825E176-70B6-4AE4-9550-BFAE2395EAA0}"
EndProject
Project("{9A19103F-16F7-4668-BE54-9A1E7A4F7556}") = "XiHan.Persistence", "src\XiHan.Persistence\XiHan.Persistence.csproj", "{0660E9CB-71A5-4806-8FF9-F7B2DAC4CA6A}"
EndProject
Project("{9A19103F-16F7-4668-BE54-9A1E7A4F7556}") = "XiHan.Scheduling", "src\XiHan.Scheduling\XiHan.Scheduling.csproj", "{6185AA9E-8DF7-4167-BF84-8F70E2952B81}"
EndProject
Project("{FAE04EC0-301F-11D3-BF4B-00C04F79EFBC}") = "XiHan.Utils", "src\XiHan.Utils\XiHan.Utils.csproj", "{D2B9D429-D0FC-4F7C-A952-839BE6675525}"
EndProject
Global
	GlobalSection(SolutionConfigurationPlatforms) = preSolution
		Debug|Any CPU = Debug|Any CPU
		Release|Any CPU = Release|Any CPU
	EndGlobalSection
	GlobalSection(ProjectConfigurationPlatforms) = postSolution
		{DDB0E32E-837F-4F43-B896-90ADC5C5D5FC}.Debug|Any CPU.ActiveCfg = Debug|Any CPU
		{DDB0E32E-837F-4F43-B896-90ADC5C5D5FC}.Debug|Any CPU.Build.0 = Debug|Any CPU
		{DDB0E32E-837F-4F43-B896-90ADC5C5D5FC}.Release|Any CPU.ActiveCfg = Release|Any CPU
		{DDB0E32E-837F-4F43-B896-90ADC5C5D5FC}.Release|Any CPU.Build.0 = Release|Any CPU
		{2DBC8942-BAE0-496E-9E01-CD11642A3220}.Debug|Any CPU.ActiveCfg = Debug|Any CPU
		{2DBC8942-BAE0-496E-9E01-CD11642A3220}.Debug|Any CPU.Build.0 = Debug|Any CPU
		{2DBC8942-BAE0-496E-9E01-CD11642A3220}.Release|Any CPU.ActiveCfg = Release|Any CPU
		{2DBC8942-BAE0-496E-9E01-CD11642A3220}.Release|Any CPU.Build.0 = Release|Any CPU
		{C86862E2-43EC-4CCD-9A00-93D325832CF4}.Debug|Any CPU.ActiveCfg = Debug|Any CPU
		{C86862E2-43EC-4CCD-9A00-93D325832CF4}.Debug|Any CPU.Build.0 = Debug|Any CPU
		{C86862E2-43EC-4CCD-9A00-93D325832CF4}.Release|Any CPU.ActiveCfg = Release|Any CPU
		{C86862E2-43EC-4CCD-9A00-93D325832CF4}.Release|Any CPU.Build.0 = Release|Any CPU
		{526EA079-CDA1-41E9-996E-32719C6492F4}.Debug|Any CPU.ActiveCfg = Debug|Any CPU
		{526EA079-CDA1-41E9-996E-32719C6492F4}.Debug|Any CPU.Build.0 = Debug|Any CPU
		{526EA079-CDA1-41E9-996E-32719C6492F4}.Release|Any CPU.ActiveCfg = Release|Any CPU
		{526EA079-CDA1-41E9-996E-32719C6492F4}.Release|Any CPU.Build.0 = Release|Any CPU
		{46B5134A-202A-4FCD-BD48-99BA5A5CAA32}.Debug|Any CPU.ActiveCfg = Debug|Any CPU
		{46B5134A-202A-4FCD-BD48-99BA5A5CAA32}.Debug|Any CPU.Build.0 = Debug|Any CPU
		{46B5134A-202A-4FCD-BD48-99BA5A5CAA32}.Release|Any CPU.ActiveCfg = Release|Any CPU
		{46B5134A-202A-4FCD-BD48-99BA5A5CAA32}.Release|Any CPU.Build.0 = Release|Any CPU
		{F9F40037-BDD0-4008-97FE-CE1B7749FB95}.Debug|Any CPU.ActiveCfg = Debug|Any CPU
		{F9F40037-BDD0-4008-97FE-CE1B7749FB95}.Debug|Any CPU.Build.0 = Debug|Any CPU
		{F9F40037-BDD0-4008-97FE-CE1B7749FB95}.Release|Any CPU.ActiveCfg = Release|Any CPU
		{F9F40037-BDD0-4008-97FE-CE1B7749FB95}.Release|Any CPU.Build.0 = Release|Any CPU
		{2C3205E6-CBD8-4966-B449-6354EF4665FE}.Debug|Any CPU.ActiveCfg = Debug|Any CPU
		{2C3205E6-CBD8-4966-B449-6354EF4665FE}.Debug|Any CPU.Build.0 = Debug|Any CPU
		{2C3205E6-CBD8-4966-B449-6354EF4665FE}.Release|Any CPU.ActiveCfg = Release|Any CPU
		{2C3205E6-CBD8-4966-B449-6354EF4665FE}.Release|Any CPU.Build.0 = Release|Any CPU
		{F47577EB-7339-4C41-B697-A2F28E4CD9DB}.Debug|Any CPU.ActiveCfg = Debug|Any CPU
		{F47577EB-7339-4C41-B697-A2F28E4CD9DB}.Debug|Any CPU.Build.0 = Debug|Any CPU
		{F47577EB-7339-4C41-B697-A2F28E4CD9DB}.Release|Any CPU.ActiveCfg = Release|Any CPU
		{F47577EB-7339-4C41-B697-A2F28E4CD9DB}.Release|Any CPU.Build.0 = Release|Any CPU
		{4D7FD4BA-86B9-4986-921A-8450F73DBE5C}.Debug|Any CPU.ActiveCfg = Debug|Any CPU
		{4D7FD4BA-86B9-4986-921A-8450F73DBE5C}.Debug|Any CPU.Build.0 = Debug|Any CPU
		{4D7FD4BA-86B9-4986-921A-8450F73DBE5C}.Release|Any CPU.ActiveCfg = Release|Any CPU
		{4D7FD4BA-86B9-4986-921A-8450F73DBE5C}.Release|Any CPU.Build.0 = Release|Any CPU
		{ABD82191-8E43-4959-98B5-3C82F3C66460}.Debug|Any CPU.ActiveCfg = Debug|Any CPU
		{ABD82191-8E43-4959-98B5-3C82F3C66460}.Debug|Any CPU.Build.0 = Debug|Any CPU
		{ABD82191-8E43-4959-98B5-3C82F3C66460}.Release|Any CPU.ActiveCfg = Release|Any CPU
		{ABD82191-8E43-4959-98B5-3C82F3C66460}.Release|Any CPU.Build.0 = Release|Any CPU
		{B43303E1-BF66-4775-90E7-848F3E3CFF77}.Debug|Any CPU.ActiveCfg = Debug|Any CPU
		{B43303E1-BF66-4775-90E7-848F3E3CFF77}.Debug|Any CPU.Build.0 = Debug|Any CPU
		{B43303E1-BF66-4775-90E7-848F3E3CFF77}.Release|Any CPU.ActiveCfg = Release|Any CPU
		{B43303E1-BF66-4775-90E7-848F3E3CFF77}.Release|Any CPU.Build.0 = Release|Any CPU
		{07ECB889-C93C-4E70-84B2-843DCB0BB343}.Debug|Any CPU.ActiveCfg = Debug|Any CPU
		{07ECB889-C93C-4E70-84B2-843DCB0BB343}.Debug|Any CPU.Build.0 = Debug|Any CPU
		{07ECB889-C93C-4E70-84B2-843DCB0BB343}.Release|Any CPU.ActiveCfg = Release|Any CPU
		{07ECB889-C93C-4E70-84B2-843DCB0BB343}.Release|Any CPU.Build.0 = Release|Any CPU
		{15261C7B-0588-45AE-9F8D-17BC13C26116}.Debug|Any CPU.ActiveCfg = Debug|Any CPU
		{15261C7B-0588-45AE-9F8D-17BC13C26116}.Debug|Any CPU.Build.0 = Debug|Any CPU
		{15261C7B-0588-45AE-9F8D-17BC13C26116}.Release|Any CPU.ActiveCfg = Release|Any CPU
		{15261C7B-0588-45AE-9F8D-17BC13C26116}.Release|Any CPU.Build.0 = Release|Any CPU
		{9825E176-70B6-4AE4-9550-BFAE2395EAA0}.Debug|Any CPU.ActiveCfg = Debug|Any CPU
		{9825E176-70B6-4AE4-9550-BFAE2395EAA0}.Debug|Any CPU.Build.0 = Debug|Any CPU
		{9825E176-70B6-4AE4-9550-BFAE2395EAA0}.Release|Any CPU.ActiveCfg = Release|Any CPU
		{9825E176-70B6-4AE4-9550-BFAE2395EAA0}.Release|Any CPU.Build.0 = Release|Any CPU
		{0660E9CB-71A5-4806-8FF9-F7B2DAC4CA6A}.Debug|Any CPU.ActiveCfg = Debug|Any CPU
		{0660E9CB-71A5-4806-8FF9-F7B2DAC4CA6A}.Debug|Any CPU.Build.0 = Debug|Any CPU
		{0660E9CB-71A5-4806-8FF9-F7B2DAC4CA6A}.Release|Any CPU.ActiveCfg = Release|Any CPU
		{0660E9CB-71A5-4806-8FF9-F7B2DAC4CA6A}.Release|Any CPU.Build.0 = Release|Any CPU
		{6185AA9E-8DF7-4167-BF84-8F70E2952B81}.Debug|Any CPU.ActiveCfg = Debug|Any CPU
		{6185AA9E-8DF7-4167-BF84-8F70E2952B81}.Debug|Any CPU.Build.0 = Debug|Any CPU
		{6185AA9E-8DF7-4167-BF84-8F70E2952B81}.Release|Any CPU.ActiveCfg = Release|Any CPU
		{6185AA9E-8DF7-4167-BF84-8F70E2952B81}.Release|Any CPU.Build.0 = Release|Any CPU
		{D2B9D429-D0FC-4F7C-A952-839BE6675525}.Debug|Any CPU.ActiveCfg = Debug|Any CPU
		{D2B9D429-D0FC-4F7C-A952-839BE6675525}.Debug|Any CPU.Build.0 = Debug|Any CPU
		{D2B9D429-D0FC-4F7C-A952-839BE6675525}.Release|Any CPU.ActiveCfg = Release|Any CPU
		{D2B9D429-D0FC-4F7C-A952-839BE6675525}.Release|Any CPU.Build.0 = Release|Any CPU
	EndGlobalSection
	GlobalSection(SolutionProperties) = preSolution
		HideSolutionNode = FALSE
	EndGlobalSection
	GlobalSection(NestedProjects) = preSolution
		{DDB0E32E-837F-4F43-B896-90ADC5C5D5FC} = {28FA60F1-F110-4884-9188-FE239574F0FD}
		{2DBC8942-BAE0-496E-9E01-CD11642A3220} = {28FA60F1-F110-4884-9188-FE239574F0FD}
		{C86862E2-43EC-4CCD-9A00-93D325832CF4} = {7A3C9D16-7CD5-4C05-A43A-416A239ED8A6}
		{526EA079-CDA1-41E9-996E-32719C6492F4} = {7A3C9D16-7CD5-4C05-A43A-416A239ED8A6}
		{46B5134A-202A-4FCD-BD48-99BA5A5CAA32} = {7A3C9D16-7CD5-4C05-A43A-416A239ED8A6}
		{F9F40037-BDD0-4008-97FE-CE1B7749FB95} = {28FA60F1-F110-4884-9188-FE239574F0FD}
		{2C3205E6-CBD8-4966-B449-6354EF4665FE} = {28FA60F1-F110-4884-9188-FE239574F0FD}
		{F47577EB-7339-4C41-B697-A2F28E4CD9DB} = {28FA60F1-F110-4884-9188-FE239574F0FD}
		{4D7FD4BA-86B9-4986-921A-8450F73DBE5C} = {28FA60F1-F110-4884-9188-FE239574F0FD}
		{ABD82191-8E43-4959-98B5-3C82F3C66460} = {28FA60F1-F110-4884-9188-FE239574F0FD}
		{B43303E1-BF66-4775-90E7-848F3E3CFF77} = {28FA60F1-F110-4884-9188-FE239574F0FD}
		{07ECB889-C93C-4E70-84B2-843DCB0BB343} = {28FA60F1-F110-4884-9188-FE239574F0FD}
		{15261C7B-0588-45AE-9F8D-17BC13C26116} = {28FA60F1-F110-4884-9188-FE239574F0FD}
		{9825E176-70B6-4AE4-9550-BFAE2395EAA0} = {28FA60F1-F110-4884-9188-FE239574F0FD}
		{0660E9CB-71A5-4806-8FF9-F7B2DAC4CA6A} = {28FA60F1-F110-4884-9188-FE239574F0FD}
		{6185AA9E-8DF7-4167-BF84-8F70E2952B81} = {28FA60F1-F110-4884-9188-FE239574F0FD}
		{D2B9D429-D0FC-4F7C-A952-839BE6675525} = {28FA60F1-F110-4884-9188-FE239574F0FD}
	EndGlobalSection
	GlobalSection(ExtensibilityGlobals) = postSolution
		SolutionGuid = {AD12BB5A-EB6A-4FA7-A0AD-BEA6178584F5}
	EndGlobalSection
EndGlobal
