
Microsoft Visual Studio Solution File, Format Version 12.00
# Visual Studio Version 17
VisualStudioVersion = 17.1.32414.318
MinimumVisualStudioVersion = 10.0.40219.1
Project("{2150E333-8FDC-42A3-9474-1A3956D46DE8}") = "1.Common", "1.Common", "{1C83147B-ACA5-4E68-AC1A-BAE3059EA727}"
EndProject
Project("{2150E333-8FDC-42A3-9474-1A3956D46DE8}") = "2.Application", "2.Application", "{75412D84-EA8F-4254-BF69-B291F326AA0B}"
EndProject
Project("{2150E333-8FDC-42A3-9474-1A3956D46DE8}") = "4.Test", "4.Test", "{A52DEF4B-2754-4308-8811-761A552E4CB0}"
EndProject
Project("{2150E333-8FDC-42A3-9474-1A3956D46DE8}") = "1.Models", "1.Models", "{98B4BB51-78D5-4128-B15A-C305789D9852}"
EndProject
Project("{2150E333-8FDC-42A3-9474-1A3956D46DE8}") = "2.Repositories", "2.Repositories", "{7D90802D-7C33-4074-B5EB-12F0D0A57B05}"
EndProject
Project("{2150E333-8FDC-42A3-9474-1A3956D46DE8}") = "3.Services", "3.Services", "{C82BCC7C-3369-43CC-BDB4-16C1E7E37BD4}"
EndProject
Project("{2150E333-8FDC-42A3-9474-1A3956D46DE8}") = "3.WebApi", "3.WebApi", "{FDE1B755-56F1-4542-81E5-1262E43AD586}"
EndProject
Project("{9A19103F-16F7-4668-BE54-9A1E7A4F7556}") = "ZhaiFanhuaBlog.UnitTest", "ZhaiFanhuaBlog.Test\ZhaiFanhuaBlog.UnitTest.csproj", "{58CD50B7-512D-4DF0-B76E-20D579F775C0}"
EndProject
Project("{2150E333-8FDC-42A3-9474-1A3956D46DE8}") = "4.Extensions", "4.Extensions", "{268C5786-7332-450A-A0C1-2EAB580D4FEF}"
EndProject
Project("{9A19103F-16F7-4668-BE54-9A1E7A4F7556}") = "ZhaiFanhuaBlog.Utils", "ZhaiFanhuaBlog.Utils\ZhaiFanhuaBlog.Utils.csproj", "{3977EE38-D759-4BD4-946D-B0942F385BC1}"
EndProject
Project("{9A19103F-16F7-4668-BE54-9A1E7A4F7556}") = "ZhaiFanhuaBlog.Core", "ZhaiFanhuaBlog.Core\ZhaiFanhuaBlog.Core.csproj", "{1B1A5F20-1960-4885-B769-FD391A0E1FF5}"
EndProject
Project("{9A19103F-16F7-4668-BE54-9A1E7A4F7556}") = "ZhaiFanhuaBlog.Models", "ZhaiFanhuaBlog.Models\ZhaiFanhuaBlog.Models.csproj", "{3CED79FD-74AE-4FF4-B201-F738D5E429C1}"
EndProject
Project("{9A19103F-16F7-4668-BE54-9A1E7A4F7556}") = "ZhaiFanhuaBlog.ViewModels", "ZhaiFanhuaBlog.ViewModels\ZhaiFanhuaBlog.ViewModels.csproj", "{053BC4A2-83B3-4367-BAA7-8FFAD1DC304F}"
EndProject
Project("{9A19103F-16F7-4668-BE54-9A1E7A4F7556}") = "ZhaiFanhuaBlog.Repositories", "ZhaiFanhuaBlog.Repositories\ZhaiFanhuaBlog.Repositories.csproj", "{364995B9-8E39-4281-BC15-F7D4236C26CD}"
EndProject
Project("{9A19103F-16F7-4668-BE54-9A1E7A4F7556}") = "ZhaiFanhuaBlog.IRepositories", "ZhaiFanhuaBlog.IRepositories\ZhaiFanhuaBlog.IRepositories.csproj", "{171DE400-54E8-43F8-A1E5-E6229B2AF013}"
EndProject
Project("{9A19103F-16F7-4668-BE54-9A1E7A4F7556}") = "ZhaiFanhuaBlog.IServices", "ZhaiFanhuaBlog.IServices\ZhaiFanhuaBlog.IServices.csproj", "{19CE54CC-BD50-4C43-A9B8-6F8CAE87AB78}"
EndProject
Project("{9A19103F-16F7-4668-BE54-9A1E7A4F7556}") = "ZhaiFanhuaBlog.Services", "ZhaiFanhuaBlog.Services\ZhaiFanhuaBlog.Services.csproj", "{47BE4E1E-03DF-4A63-945D-EDD3C23660D0}"
EndProject
Project("{9A19103F-16F7-4668-BE54-9A1E7A4F7556}") = "ZhaiFanhuaBlog.Extensions", "ZhaiFanhuaBlog.Extensions\ZhaiFanhuaBlog.Extensions.csproj", "{47825D1C-B0FF-4714-8554-1BE244CB657C}"
EndProject
Project("{9A19103F-16F7-4668-BE54-9A1E7A4F7556}") = "ZhaiFanhuaBlog.Api", "ZhaiFanhuaBlog.Api\ZhaiFanhuaBlog.Api.csproj", "{4C00412E-4CB4-44D7-B97F-8863CC10538D}"
EndProject
Global
	GlobalSection(SolutionConfigurationPlatforms) = preSolution
		Debug|Any CPU = Debug|Any CPU
		Debug|ARM = Debug|ARM
		Debug|ARM64 = Debug|ARM64
		Debug|x64 = Debug|x64
		Debug|x86 = Debug|x86
		Release|Any CPU = Release|Any CPU
		Release|ARM = Release|ARM
		Release|ARM64 = Release|ARM64
		Release|x64 = Release|x64
		Release|x86 = Release|x86
	EndGlobalSection
	GlobalSection(ProjectConfigurationPlatforms) = postSolution
		{58CD50B7-512D-4DF0-B76E-20D579F775C0}.Debug|Any CPU.ActiveCfg = Debug|Any CPU
		{58CD50B7-512D-4DF0-B76E-20D579F775C0}.Debug|Any CPU.Build.0 = Debug|Any CPU
		{58CD50B7-512D-4DF0-B76E-20D579F775C0}.Debug|ARM.ActiveCfg = Debug|Any CPU
		{58CD50B7-512D-4DF0-B76E-20D579F775C0}.Debug|ARM.Build.0 = Debug|Any CPU
		{58CD50B7-512D-4DF0-B76E-20D579F775C0}.Debug|ARM64.ActiveCfg = Debug|Any CPU
		{58CD50B7-512D-4DF0-B76E-20D579F775C0}.Debug|ARM64.Build.0 = Debug|Any CPU
		{58CD50B7-512D-4DF0-B76E-20D579F775C0}.Debug|x64.ActiveCfg = Debug|Any CPU
		{58CD50B7-512D-4DF0-B76E-20D579F775C0}.Debug|x64.Build.0 = Debug|Any CPU
		{58CD50B7-512D-4DF0-B76E-20D579F775C0}.Debug|x86.ActiveCfg = Debug|Any CPU
		{58CD50B7-512D-4DF0-B76E-20D579F775C0}.Debug|x86.Build.0 = Debug|Any CPU
		{58CD50B7-512D-4DF0-B76E-20D579F775C0}.Release|Any CPU.ActiveCfg = Release|Any CPU
		{58CD50B7-512D-4DF0-B76E-20D579F775C0}.Release|Any CPU.Build.0 = Release|Any CPU
		{58CD50B7-512D-4DF0-B76E-20D579F775C0}.Release|ARM.ActiveCfg = Release|Any CPU
		{58CD50B7-512D-4DF0-B76E-20D579F775C0}.Release|ARM.Build.0 = Release|Any CPU
		{58CD50B7-512D-4DF0-B76E-20D579F775C0}.Release|ARM64.ActiveCfg = Release|Any CPU
		{58CD50B7-512D-4DF0-B76E-20D579F775C0}.Release|ARM64.Build.0 = Release|Any CPU
		{58CD50B7-512D-4DF0-B76E-20D579F775C0}.Release|x64.ActiveCfg = Release|Any CPU
		{58CD50B7-512D-4DF0-B76E-20D579F775C0}.Release|x64.Build.0 = Release|Any CPU
		{58CD50B7-512D-4DF0-B76E-20D579F775C0}.Release|x86.ActiveCfg = Release|Any CPU
		{58CD50B7-512D-4DF0-B76E-20D579F775C0}.Release|x86.Build.0 = Release|Any CPU
		{3977EE38-D759-4BD4-946D-B0942F385BC1}.Debug|Any CPU.ActiveCfg = Debug|Any CPU
		{3977EE38-D759-4BD4-946D-B0942F385BC1}.Debug|Any CPU.Build.0 = Debug|Any CPU
		{3977EE38-D759-4BD4-946D-B0942F385BC1}.Debug|ARM.ActiveCfg = Debug|Any CPU
		{3977EE38-D759-4BD4-946D-B0942F385BC1}.Debug|ARM.Build.0 = Debug|Any CPU
		{3977EE38-D759-4BD4-946D-B0942F385BC1}.Debug|ARM64.ActiveCfg = Debug|Any CPU
		{3977EE38-D759-4BD4-946D-B0942F385BC1}.Debug|ARM64.Build.0 = Debug|Any CPU
		{3977EE38-D759-4BD4-946D-B0942F385BC1}.Debug|x64.ActiveCfg = Debug|Any CPU
		{3977EE38-D759-4BD4-946D-B0942F385BC1}.Debug|x64.Build.0 = Debug|Any CPU
		{3977EE38-D759-4BD4-946D-B0942F385BC1}.Debug|x86.ActiveCfg = Debug|Any CPU
		{3977EE38-D759-4BD4-946D-B0942F385BC1}.Debug|x86.Build.0 = Debug|Any CPU
		{3977EE38-D759-4BD4-946D-B0942F385BC1}.Release|Any CPU.ActiveCfg = Release|Any CPU
		{3977EE38-D759-4BD4-946D-B0942F385BC1}.Release|Any CPU.Build.0 = Release|Any CPU
		{3977EE38-D759-4BD4-946D-B0942F385BC1}.Release|ARM.ActiveCfg = Release|Any CPU
		{3977EE38-D759-4BD4-946D-B0942F385BC1}.Release|ARM.Build.0 = Release|Any CPU
		{3977EE38-D759-4BD4-946D-B0942F385BC1}.Release|ARM64.ActiveCfg = Release|Any CPU
		{3977EE38-D759-4BD4-946D-B0942F385BC1}.Release|ARM64.Build.0 = Release|Any CPU
		{3977EE38-D759-4BD4-946D-B0942F385BC1}.Release|x64.ActiveCfg = Release|Any CPU
		{3977EE38-D759-4BD4-946D-B0942F385BC1}.Release|x64.Build.0 = Release|Any CPU
		{3977EE38-D759-4BD4-946D-B0942F385BC1}.Release|x86.ActiveCfg = Release|Any CPU
		{3977EE38-D759-4BD4-946D-B0942F385BC1}.Release|x86.Build.0 = Release|Any CPU
		{1B1A5F20-1960-4885-B769-FD391A0E1FF5}.Debug|Any CPU.ActiveCfg = Debug|Any CPU
		{1B1A5F20-1960-4885-B769-FD391A0E1FF5}.Debug|Any CPU.Build.0 = Debug|Any CPU
		{1B1A5F20-1960-4885-B769-FD391A0E1FF5}.Debug|ARM.ActiveCfg = Debug|Any CPU
		{1B1A5F20-1960-4885-B769-FD391A0E1FF5}.Debug|ARM.Build.0 = Debug|Any CPU
		{1B1A5F20-1960-4885-B769-FD391A0E1FF5}.Debug|ARM64.ActiveCfg = Debug|Any CPU
		{1B1A5F20-1960-4885-B769-FD391A0E1FF5}.Debug|ARM64.Build.0 = Debug|Any CPU
		{1B1A5F20-1960-4885-B769-FD391A0E1FF5}.Debug|x64.ActiveCfg = Debug|Any CPU
		{1B1A5F20-1960-4885-B769-FD391A0E1FF5}.Debug|x64.Build.0 = Debug|Any CPU
		{1B1A5F20-1960-4885-B769-FD391A0E1FF5}.Debug|x86.ActiveCfg = Debug|Any CPU
		{1B1A5F20-1960-4885-B769-FD391A0E1FF5}.Debug|x86.Build.0 = Debug|Any CPU
		{1B1A5F20-1960-4885-B769-FD391A0E1FF5}.Release|Any CPU.ActiveCfg = Release|Any CPU
		{1B1A5F20-1960-4885-B769-FD391A0E1FF5}.Release|Any CPU.Build.0 = Release|Any CPU
		{1B1A5F20-1960-4885-B769-FD391A0E1FF5}.Release|ARM.ActiveCfg = Release|Any CPU
		{1B1A5F20-1960-4885-B769-FD391A0E1FF5}.Release|ARM.Build.0 = Release|Any CPU
		{1B1A5F20-1960-4885-B769-FD391A0E1FF5}.Release|ARM64.ActiveCfg = Release|Any CPU
		{1B1A5F20-1960-4885-B769-FD391A0E1FF5}.Release|ARM64.Build.0 = Release|Any CPU
		{1B1A5F20-1960-4885-B769-FD391A0E1FF5}.Release|x64.ActiveCfg = Release|Any CPU
		{1B1A5F20-1960-4885-B769-FD391A0E1FF5}.Release|x64.Build.0 = Release|Any CPU
		{1B1A5F20-1960-4885-B769-FD391A0E1FF5}.Release|x86.ActiveCfg = Release|Any CPU
		{1B1A5F20-1960-4885-B769-FD391A0E1FF5}.Release|x86.Build.0 = Release|Any CPU
		{3CED79FD-74AE-4FF4-B201-F738D5E429C1}.Debug|Any CPU.ActiveCfg = Debug|Any CPU
		{3CED79FD-74AE-4FF4-B201-F738D5E429C1}.Debug|Any CPU.Build.0 = Debug|Any CPU
		{3CED79FD-74AE-4FF4-B201-F738D5E429C1}.Debug|ARM.ActiveCfg = Debug|Any CPU
		{3CED79FD-74AE-4FF4-B201-F738D5E429C1}.Debug|ARM.Build.0 = Debug|Any CPU
		{3CED79FD-74AE-4FF4-B201-F738D5E429C1}.Debug|ARM64.ActiveCfg = Debug|Any CPU
		{3CED79FD-74AE-4FF4-B201-F738D5E429C1}.Debug|ARM64.Build.0 = Debug|Any CPU
		{3CED79FD-74AE-4FF4-B201-F738D5E429C1}.Debug|x64.ActiveCfg = Debug|Any CPU
		{3CED79FD-74AE-4FF4-B201-F738D5E429C1}.Debug|x64.Build.0 = Debug|Any CPU
		{3CED79FD-74AE-4FF4-B201-F738D5E429C1}.Debug|x86.ActiveCfg = Debug|Any CPU
		{3CED79FD-74AE-4FF4-B201-F738D5E429C1}.Debug|x86.Build.0 = Debug|Any CPU
		{3CED79FD-74AE-4FF4-B201-F738D5E429C1}.Release|Any CPU.ActiveCfg = Release|Any CPU
		{3CED79FD-74AE-4FF4-B201-F738D5E429C1}.Release|Any CPU.Build.0 = Release|Any CPU
		{3CED79FD-74AE-4FF4-B201-F738D5E429C1}.Release|ARM.ActiveCfg = Release|Any CPU
		{3CED79FD-74AE-4FF4-B201-F738D5E429C1}.Release|ARM.Build.0 = Release|Any CPU
		{3CED79FD-74AE-4FF4-B201-F738D5E429C1}.Release|ARM64.ActiveCfg = Release|Any CPU
		{3CED79FD-74AE-4FF4-B201-F738D5E429C1}.Release|ARM64.Build.0 = Release|Any CPU
		{3CED79FD-74AE-4FF4-B201-F738D5E429C1}.Release|x64.ActiveCfg = Release|Any CPU
		{3CED79FD-74AE-4FF4-B201-F738D5E429C1}.Release|x64.Build.0 = Release|Any CPU
		{3CED79FD-74AE-4FF4-B201-F738D5E429C1}.Release|x86.ActiveCfg = Release|Any CPU
		{3CED79FD-74AE-4FF4-B201-F738D5E429C1}.Release|x86.Build.0 = Release|Any CPU
		{053BC4A2-83B3-4367-BAA7-8FFAD1DC304F}.Debug|Any CPU.ActiveCfg = Debug|Any CPU
		{053BC4A2-83B3-4367-BAA7-8FFAD1DC304F}.Debug|Any CPU.Build.0 = Debug|Any CPU
		{053BC4A2-83B3-4367-BAA7-8FFAD1DC304F}.Debug|ARM.ActiveCfg = Debug|Any CPU
		{053BC4A2-83B3-4367-BAA7-8FFAD1DC304F}.Debug|ARM.Build.0 = Debug|Any CPU
		{053BC4A2-83B3-4367-BAA7-8FFAD1DC304F}.Debug|ARM64.ActiveCfg = Debug|Any CPU
		{053BC4A2-83B3-4367-BAA7-8FFAD1DC304F}.Debug|ARM64.Build.0 = Debug|Any CPU
		{053BC4A2-83B3-4367-BAA7-8FFAD1DC304F}.Debug|x64.ActiveCfg = Debug|Any CPU
		{053BC4A2-83B3-4367-BAA7-8FFAD1DC304F}.Debug|x64.Build.0 = Debug|Any CPU
		{053BC4A2-83B3-4367-BAA7-8FFAD1DC304F}.Debug|x86.ActiveCfg = Debug|Any CPU
		{053BC4A2-83B3-4367-BAA7-8FFAD1DC304F}.Debug|x86.Build.0 = Debug|Any CPU
		{053BC4A2-83B3-4367-BAA7-8FFAD1DC304F}.Release|Any CPU.ActiveCfg = Release|Any CPU
		{053BC4A2-83B3-4367-BAA7-8FFAD1DC304F}.Release|Any CPU.Build.0 = Release|Any CPU
		{053BC4A2-83B3-4367-BAA7-8FFAD1DC304F}.Release|ARM.ActiveCfg = Release|Any CPU
		{053BC4A2-83B3-4367-BAA7-8FFAD1DC304F}.Release|ARM.Build.0 = Release|Any CPU
		{053BC4A2-83B3-4367-BAA7-8FFAD1DC304F}.Release|ARM64.ActiveCfg = Release|Any CPU
		{053BC4A2-83B3-4367-BAA7-8FFAD1DC304F}.Release|ARM64.Build.0 = Release|Any CPU
		{053BC4A2-83B3-4367-BAA7-8FFAD1DC304F}.Release|x64.ActiveCfg = Release|Any CPU
		{053BC4A2-83B3-4367-BAA7-8FFAD1DC304F}.Release|x64.Build.0 = Release|Any CPU
		{053BC4A2-83B3-4367-BAA7-8FFAD1DC304F}.Release|x86.ActiveCfg = Release|Any CPU
		{053BC4A2-83B3-4367-BAA7-8FFAD1DC304F}.Release|x86.Build.0 = Release|Any CPU
		{364995B9-8E39-4281-BC15-F7D4236C26CD}.Debug|Any CPU.ActiveCfg = Debug|Any CPU
		{364995B9-8E39-4281-BC15-F7D4236C26CD}.Debug|Any CPU.Build.0 = Debug|Any CPU
		{364995B9-8E39-4281-BC15-F7D4236C26CD}.Debug|ARM.ActiveCfg = Debug|Any CPU
		{364995B9-8E39-4281-BC15-F7D4236C26CD}.Debug|ARM.Build.0 = Debug|Any CPU
		{364995B9-8E39-4281-BC15-F7D4236C26CD}.Debug|ARM64.ActiveCfg = Debug|Any CPU
		{364995B9-8E39-4281-BC15-F7D4236C26CD}.Debug|ARM64.Build.0 = Debug|Any CPU
		{364995B9-8E39-4281-BC15-F7D4236C26CD}.Debug|x64.ActiveCfg = Debug|Any CPU
		{364995B9-8E39-4281-BC15-F7D4236C26CD}.Debug|x64.Build.0 = Debug|Any CPU
		{364995B9-8E39-4281-BC15-F7D4236C26CD}.Debug|x86.ActiveCfg = Debug|Any CPU
		{364995B9-8E39-4281-BC15-F7D4236C26CD}.Debug|x86.Build.0 = Debug|Any CPU
		{364995B9-8E39-4281-BC15-F7D4236C26CD}.Release|Any CPU.ActiveCfg = Release|Any CPU
		{364995B9-8E39-4281-BC15-F7D4236C26CD}.Release|Any CPU.Build.0 = Release|Any CPU
		{364995B9-8E39-4281-BC15-F7D4236C26CD}.Release|ARM.ActiveCfg = Release|Any CPU
		{364995B9-8E39-4281-BC15-F7D4236C26CD}.Release|ARM.Build.0 = Release|Any CPU
		{364995B9-8E39-4281-BC15-F7D4236C26CD}.Release|ARM64.ActiveCfg = Release|Any CPU
		{364995B9-8E39-4281-BC15-F7D4236C26CD}.Release|ARM64.Build.0 = Release|Any CPU
		{364995B9-8E39-4281-BC15-F7D4236C26CD}.Release|x64.ActiveCfg = Release|Any CPU
		{364995B9-8E39-4281-BC15-F7D4236C26CD}.Release|x64.Build.0 = Release|Any CPU
		{364995B9-8E39-4281-BC15-F7D4236C26CD}.Release|x86.ActiveCfg = Release|Any CPU
		{364995B9-8E39-4281-BC15-F7D4236C26CD}.Release|x86.Build.0 = Release|Any CPU
		{171DE400-54E8-43F8-A1E5-E6229B2AF013}.Debug|Any CPU.ActiveCfg = Debug|Any CPU
		{171DE400-54E8-43F8-A1E5-E6229B2AF013}.Debug|Any CPU.Build.0 = Debug|Any CPU
		{171DE400-54E8-43F8-A1E5-E6229B2AF013}.Debug|ARM.ActiveCfg = Debug|Any CPU
		{171DE400-54E8-43F8-A1E5-E6229B2AF013}.Debug|ARM.Build.0 = Debug|Any CPU
		{171DE400-54E8-43F8-A1E5-E6229B2AF013}.Debug|ARM64.ActiveCfg = Debug|Any CPU
		{171DE400-54E8-43F8-A1E5-E6229B2AF013}.Debug|ARM64.Build.0 = Debug|Any CPU
		{171DE400-54E8-43F8-A1E5-E6229B2AF013}.Debug|x64.ActiveCfg = Debug|Any CPU
		{171DE400-54E8-43F8-A1E5-E6229B2AF013}.Debug|x64.Build.0 = Debug|Any CPU
		{171DE400-54E8-43F8-A1E5-E6229B2AF013}.Debug|x86.ActiveCfg = Debug|Any CPU
		{171DE400-54E8-43F8-A1E5-E6229B2AF013}.Debug|x86.Build.0 = Debug|Any CPU
		{171DE400-54E8-43F8-A1E5-E6229B2AF013}.Release|Any CPU.ActiveCfg = Release|Any CPU
		{171DE400-54E8-43F8-A1E5-E6229B2AF013}.Release|Any CPU.Build.0 = Release|Any CPU
		{171DE400-54E8-43F8-A1E5-E6229B2AF013}.Release|ARM.ActiveCfg = Release|Any CPU
		{171DE400-54E8-43F8-A1E5-E6229B2AF013}.Release|ARM.Build.0 = Release|Any CPU
		{171DE400-54E8-43F8-A1E5-E6229B2AF013}.Release|ARM64.ActiveCfg = Release|Any CPU
		{171DE400-54E8-43F8-A1E5-E6229B2AF013}.Release|ARM64.Build.0 = Release|Any CPU
		{171DE400-54E8-43F8-A1E5-E6229B2AF013}.Release|x64.ActiveCfg = Release|Any CPU
		{171DE400-54E8-43F8-A1E5-E6229B2AF013}.Release|x64.Build.0 = Release|Any CPU
		{171DE400-54E8-43F8-A1E5-E6229B2AF013}.Release|x86.ActiveCfg = Release|Any CPU
		{171DE400-54E8-43F8-A1E5-E6229B2AF013}.Release|x86.Build.0 = Release|Any CPU
		{19CE54CC-BD50-4C43-A9B8-6F8CAE87AB78}.Debug|Any CPU.ActiveCfg = Debug|Any CPU
		{19CE54CC-BD50-4C43-A9B8-6F8CAE87AB78}.Debug|Any CPU.Build.0 = Debug|Any CPU
		{19CE54CC-BD50-4C43-A9B8-6F8CAE87AB78}.Debug|ARM.ActiveCfg = Debug|Any CPU
		{19CE54CC-BD50-4C43-A9B8-6F8CAE87AB78}.Debug|ARM.Build.0 = Debug|Any CPU
		{19CE54CC-BD50-4C43-A9B8-6F8CAE87AB78}.Debug|ARM64.ActiveCfg = Debug|Any CPU
		{19CE54CC-BD50-4C43-A9B8-6F8CAE87AB78}.Debug|ARM64.Build.0 = Debug|Any CPU
		{19CE54CC-BD50-4C43-A9B8-6F8CAE87AB78}.Debug|x64.ActiveCfg = Debug|Any CPU
		{19CE54CC-BD50-4C43-A9B8-6F8CAE87AB78}.Debug|x64.Build.0 = Debug|Any CPU
		{19CE54CC-BD50-4C43-A9B8-6F8CAE87AB78}.Debug|x86.ActiveCfg = Debug|Any CPU
		{19CE54CC-BD50-4C43-A9B8-6F8CAE87AB78}.Debug|x86.Build.0 = Debug|Any CPU
		{19CE54CC-BD50-4C43-A9B8-6F8CAE87AB78}.Release|Any CPU.ActiveCfg = Release|Any CPU
		{19CE54CC-BD50-4C43-A9B8-6F8CAE87AB78}.Release|Any CPU.Build.0 = Release|Any CPU
		{19CE54CC-BD50-4C43-A9B8-6F8CAE87AB78}.Release|ARM.ActiveCfg = Release|Any CPU
		{19CE54CC-BD50-4C43-A9B8-6F8CAE87AB78}.Release|ARM.Build.0 = Release|Any CPU
		{19CE54CC-BD50-4C43-A9B8-6F8CAE87AB78}.Release|ARM64.ActiveCfg = Release|Any CPU
		{19CE54CC-BD50-4C43-A9B8-6F8CAE87AB78}.Release|ARM64.Build.0 = Release|Any CPU
		{19CE54CC-BD50-4C43-A9B8-6F8CAE87AB78}.Release|x64.ActiveCfg = Release|Any CPU
		{19CE54CC-BD50-4C43-A9B8-6F8CAE87AB78}.Release|x64.Build.0 = Release|Any CPU
		{19CE54CC-BD50-4C43-A9B8-6F8CAE87AB78}.Release|x86.ActiveCfg = Release|Any CPU
		{19CE54CC-BD50-4C43-A9B8-6F8CAE87AB78}.Release|x86.Build.0 = Release|Any CPU
		{47BE4E1E-03DF-4A63-945D-EDD3C23660D0}.Debug|Any CPU.ActiveCfg = Debug|Any CPU
		{47BE4E1E-03DF-4A63-945D-EDD3C23660D0}.Debug|Any CPU.Build.0 = Debug|Any CPU
		{47BE4E1E-03DF-4A63-945D-EDD3C23660D0}.Debug|ARM.ActiveCfg = Debug|Any CPU
		{47BE4E1E-03DF-4A63-945D-EDD3C23660D0}.Debug|ARM.Build.0 = Debug|Any CPU
		{47BE4E1E-03DF-4A63-945D-EDD3C23660D0}.Debug|ARM64.ActiveCfg = Debug|Any CPU
		{47BE4E1E-03DF-4A63-945D-EDD3C23660D0}.Debug|ARM64.Build.0 = Debug|Any CPU
		{47BE4E1E-03DF-4A63-945D-EDD3C23660D0}.Debug|x64.ActiveCfg = Debug|Any CPU
		{47BE4E1E-03DF-4A63-945D-EDD3C23660D0}.Debug|x64.Build.0 = Debug|Any CPU
		{47BE4E1E-03DF-4A63-945D-EDD3C23660D0}.Debug|x86.ActiveCfg = Debug|Any CPU
		{47BE4E1E-03DF-4A63-945D-EDD3C23660D0}.Debug|x86.Build.0 = Debug|Any CPU
		{47BE4E1E-03DF-4A63-945D-EDD3C23660D0}.Release|Any CPU.ActiveCfg = Release|Any CPU
		{47BE4E1E-03DF-4A63-945D-EDD3C23660D0}.Release|Any CPU.Build.0 = Release|Any CPU
		{47BE4E1E-03DF-4A63-945D-EDD3C23660D0}.Release|ARM.ActiveCfg = Release|Any CPU
		{47BE4E1E-03DF-4A63-945D-EDD3C23660D0}.Release|ARM.Build.0 = Release|Any CPU
		{47BE4E1E-03DF-4A63-945D-EDD3C23660D0}.Release|ARM64.ActiveCfg = Release|Any CPU
		{47BE4E1E-03DF-4A63-945D-EDD3C23660D0}.Release|ARM64.Build.0 = Release|Any CPU
		{47BE4E1E-03DF-4A63-945D-EDD3C23660D0}.Release|x64.ActiveCfg = Release|Any CPU
		{47BE4E1E-03DF-4A63-945D-EDD3C23660D0}.Release|x64.Build.0 = Release|Any CPU
		{47BE4E1E-03DF-4A63-945D-EDD3C23660D0}.Release|x86.ActiveCfg = Release|Any CPU
		{47BE4E1E-03DF-4A63-945D-EDD3C23660D0}.Release|x86.Build.0 = Release|Any CPU
		{47825D1C-B0FF-4714-8554-1BE244CB657C}.Debug|Any CPU.ActiveCfg = Debug|Any CPU
		{47825D1C-B0FF-4714-8554-1BE244CB657C}.Debug|Any CPU.Build.0 = Debug|Any CPU
		{47825D1C-B0FF-4714-8554-1BE244CB657C}.Debug|ARM.ActiveCfg = Debug|Any CPU
		{47825D1C-B0FF-4714-8554-1BE244CB657C}.Debug|ARM.Build.0 = Debug|Any CPU
		{47825D1C-B0FF-4714-8554-1BE244CB657C}.Debug|ARM64.ActiveCfg = Debug|Any CPU
		{47825D1C-B0FF-4714-8554-1BE244CB657C}.Debug|ARM64.Build.0 = Debug|Any CPU
		{47825D1C-B0FF-4714-8554-1BE244CB657C}.Debug|x64.ActiveCfg = Debug|Any CPU
		{47825D1C-B0FF-4714-8554-1BE244CB657C}.Debug|x64.Build.0 = Debug|Any CPU
		{47825D1C-B0FF-4714-8554-1BE244CB657C}.Debug|x86.ActiveCfg = Debug|Any CPU
		{47825D1C-B0FF-4714-8554-1BE244CB657C}.Debug|x86.Build.0 = Debug|Any CPU
		{47825D1C-B0FF-4714-8554-1BE244CB657C}.Release|Any CPU.ActiveCfg = Release|Any CPU
		{47825D1C-B0FF-4714-8554-1BE244CB657C}.Release|Any CPU.Build.0 = Release|Any CPU
		{47825D1C-B0FF-4714-8554-1BE244CB657C}.Release|ARM.ActiveCfg = Release|Any CPU
		{47825D1C-B0FF-4714-8554-1BE244CB657C}.Release|ARM.Build.0 = Release|Any CPU
		{47825D1C-B0FF-4714-8554-1BE244CB657C}.Release|ARM64.ActiveCfg = Release|Any CPU
		{47825D1C-B0FF-4714-8554-1BE244CB657C}.Release|ARM64.Build.0 = Release|Any CPU
		{47825D1C-B0FF-4714-8554-1BE244CB657C}.Release|x64.ActiveCfg = Release|Any CPU
		{47825D1C-B0FF-4714-8554-1BE244CB657C}.Release|x64.Build.0 = Release|Any CPU
		{47825D1C-B0FF-4714-8554-1BE244CB657C}.Release|x86.ActiveCfg = Release|Any CPU
		{47825D1C-B0FF-4714-8554-1BE244CB657C}.Release|x86.Build.0 = Release|Any CPU
		{4C00412E-4CB4-44D7-B97F-8863CC10538D}.Debug|Any CPU.ActiveCfg = Debug|Any CPU
		{4C00412E-4CB4-44D7-B97F-8863CC10538D}.Debug|Any CPU.Build.0 = Debug|Any CPU
		{4C00412E-4CB4-44D7-B97F-8863CC10538D}.Debug|ARM.ActiveCfg = Debug|Any CPU
		{4C00412E-4CB4-44D7-B97F-8863CC10538D}.Debug|ARM.Build.0 = Debug|Any CPU
		{4C00412E-4CB4-44D7-B97F-8863CC10538D}.Debug|ARM64.ActiveCfg = Debug|Any CPU
		{4C00412E-4CB4-44D7-B97F-8863CC10538D}.Debug|ARM64.Build.0 = Debug|Any CPU
		{4C00412E-4CB4-44D7-B97F-8863CC10538D}.Debug|x64.ActiveCfg = Debug|Any CPU
		{4C00412E-4CB4-44D7-B97F-8863CC10538D}.Debug|x64.Build.0 = Debug|Any CPU
		{4C00412E-4CB4-44D7-B97F-8863CC10538D}.Debug|x86.ActiveCfg = Debug|Any CPU
		{4C00412E-4CB4-44D7-B97F-8863CC10538D}.Debug|x86.Build.0 = Debug|Any CPU
		{4C00412E-4CB4-44D7-B97F-8863CC10538D}.Release|Any CPU.ActiveCfg = Release|Any CPU
		{4C00412E-4CB4-44D7-B97F-8863CC10538D}.Release|Any CPU.Build.0 = Release|Any CPU
		{4C00412E-4CB4-44D7-B97F-8863CC10538D}.Release|ARM.ActiveCfg = Release|Any CPU
		{4C00412E-4CB4-44D7-B97F-8863CC10538D}.Release|ARM.Build.0 = Release|Any CPU
		{4C00412E-4CB4-44D7-B97F-8863CC10538D}.Release|ARM64.ActiveCfg = Release|Any CPU
		{4C00412E-4CB4-44D7-B97F-8863CC10538D}.Release|ARM64.Build.0 = Release|Any CPU
		{4C00412E-4CB4-44D7-B97F-8863CC10538D}.Release|x64.ActiveCfg = Release|Any CPU
		{4C00412E-4CB4-44D7-B97F-8863CC10538D}.Release|x64.Build.0 = Release|Any CPU
		{4C00412E-4CB4-44D7-B97F-8863CC10538D}.Release|x86.ActiveCfg = Release|Any CPU
		{4C00412E-4CB4-44D7-B97F-8863CC10538D}.Release|x86.Build.0 = Release|Any CPU
	EndGlobalSection
	GlobalSection(SolutionProperties) = preSolution
		HideSolutionNode = FALSE
	EndGlobalSection
	GlobalSection(NestedProjects) = preSolution
		{98B4BB51-78D5-4128-B15A-C305789D9852} = {75412D84-EA8F-4254-BF69-B291F326AA0B}
		{7D90802D-7C33-4074-B5EB-12F0D0A57B05} = {75412D84-EA8F-4254-BF69-B291F326AA0B}
		{C82BCC7C-3369-43CC-BDB4-16C1E7E37BD4} = {75412D84-EA8F-4254-BF69-B291F326AA0B}
		{58CD50B7-512D-4DF0-B76E-20D579F775C0} = {A52DEF4B-2754-4308-8811-761A552E4CB0}
		{268C5786-7332-450A-A0C1-2EAB580D4FEF} = {75412D84-EA8F-4254-BF69-B291F326AA0B}
		{3977EE38-D759-4BD4-946D-B0942F385BC1} = {1C83147B-ACA5-4E68-AC1A-BAE3059EA727}
		{1B1A5F20-1960-4885-B769-FD391A0E1FF5} = {1C83147B-ACA5-4E68-AC1A-BAE3059EA727}
		{3CED79FD-74AE-4FF4-B201-F738D5E429C1} = {98B4BB51-78D5-4128-B15A-C305789D9852}
		{053BC4A2-83B3-4367-BAA7-8FFAD1DC304F} = {98B4BB51-78D5-4128-B15A-C305789D9852}
		{364995B9-8E39-4281-BC15-F7D4236C26CD} = {7D90802D-7C33-4074-B5EB-12F0D0A57B05}
		{171DE400-54E8-43F8-A1E5-E6229B2AF013} = {7D90802D-7C33-4074-B5EB-12F0D0A57B05}
		{19CE54CC-BD50-4C43-A9B8-6F8CAE87AB78} = {C82BCC7C-3369-43CC-BDB4-16C1E7E37BD4}
		{47BE4E1E-03DF-4A63-945D-EDD3C23660D0} = {C82BCC7C-3369-43CC-BDB4-16C1E7E37BD4}
		{47825D1C-B0FF-4714-8554-1BE244CB657C} = {268C5786-7332-450A-A0C1-2EAB580D4FEF}
		{4C00412E-4CB4-44D7-B97F-8863CC10538D} = {FDE1B755-56F1-4542-81E5-1262E43AD586}
	EndGlobalSection
	GlobalSection(ExtensibilityGlobals) = postSolution
		SolutionGuid = {CC056874-6148-4EB3-B306-61BC01E792CD}
	EndGlobalSection
EndGlobal
