
Microsoft Visual Studio Solution File, Format Version 12.00
# Visual Studio Version 17
VisualStudioVersion = 17.8.34408.163
MinimumVisualStudioVersion = 10.0.40219.1


Project("{2150E333-8FDC-42A3-9474-1A3956D46DE8}") = "1.Commons", "1.Commons", "{363B7138-1161-4DC5-A8B7-6232342DD72E}"
EndProject
Project("{9A19103F-16F7-4668-BE54-9A1E7A4F7556}") = "XiHan.Common.Utilities", "XiHan.Common.Utilities\XiHan.Common.Utilities.csproj", "{DEF796A6-6759-4494-8A6D-4FC309ABCC7B}"
EndProject
Project("{2150E333-8FDC-42A3-9474-1A3956D46DE8}") = "2.Domains", "2.Domains", "{4244236B-656A-4511-9403-D5D54DF386D8}"
EndProject
Project("{9A19103F-16F7-4668-BE54-9A1E7A4F7556}") = "XiHan.Domain.Bases", "XiHan.Domain.Bases\XiHan.Domain.Bases.csproj", "{B68500A3-B60D-453D-B82F-C92748B72334}"
EndProject
Project("{9A19103F-16F7-4668-BE54-9A1E7A4F7556}") = "XiHan.Domain.Syses", "XiHan.Domain.Syses\XiHan.Domain.Syses.csproj", "{890BD39B-A530-4535-B619-2CC4D63BCA19}"
EndProject
Project("{2150E333-8FDC-42A3-9474-1A3956D46DE8}") = "3.Infrastructures", "3.Infrastructures", "{9EB2E6D7-EBDC-45B0-98F4-DABA6F7C8FE2}"
EndProject
Project("{9A19103F-16F7-4668-BE54-9A1E7A4F7556}") = "XiHan.Infrastructure.Bases", "XiHan.Infrastructure.Bases\XiHan.Infrastructure.Bases.csproj", "{8BEB66BD-24B1-4655-A8C0-07EF232166A6}"
EndProject
Project("{9A19103F-16F7-4668-BE54-9A1E7A4F7556}") = "XiHan.Infrastructure.Logging", "XiHan.Infrastructure.Logging\XiHan.Infrastructure.Logging.csproj", "{5C1F8A75-94C2-42AE-82E7-23C1057AA166}"
EndProject
Project("{9A19103F-16F7-4668-BE54-9A1E7A4F7556}") = "XiHan.Infrastructure.Caching", "XiHan.Infrastructure.Caching\XiHan.Infrastructure.Caching.csproj", "{1074FF30-B6F5-43DF-BA78-2DD92D80F0C1}"
EndProject
Project("{9A19103F-16F7-4668-BE54-9A1E7A4F7556}") = "XiHan.Infrastructure.EventBus", "XiHan.Infrastructure.EventBus\XiHan.Infrastructure.EventBus.csproj", "{1880D207-9956-4903-9F8C-4E4E06CD0479}"
EndProject
Project("{9A19103F-16F7-4668-BE54-9A1E7A4F7556}") = "XiHan.Infrastructure.Webhooks", "XiHan.Infrastructure.Webhooks\XiHan.Infrastructure.Webhooks.csproj", "{8AA08E63-A1C8-4F00-8A85-F748C6CF63E0}"
EndProject
Project("{9A19103F-16F7-4668-BE54-9A1E7A4F7556}") = "XiHan.Infrastructure.Hubs", "XiHan.Infrastructure.Hubs\XiHan.Infrastructure.Hubs.csproj", "{04D60614-F10E-436E-9C79-A3CD269DEA9B}"
EndProject
Project("{9A19103F-16F7-4668-BE54-9A1E7A4F7556}") = "XiHan.Infrastructure.Persistence", "XiHan.Infrastructure.Persistence\XiHan.Infrastructure.Persistence.csproj", "{96701C4F-4F0B-478D-8E8F-F11FDFE430B7}"
EndProject
Project("{9A19103F-16F7-4668-BE54-9A1E7A4F7556}") = "XiHan.Infrastructure.Scheduling", "XiHan.Infrastructure.Scheduling\XiHan.Infrastructure.Scheduling.csproj", "{63B8F031-98F3-4FD3-9B98-DD14E6188701}"
EndProject
Project("{9A19103F-16F7-4668-BE54-9A1E7A4F7556}") = "XiHan.Infrastructure.Scheduling.Tasks", "XiHan.Infrastructure.Scheduling.Tasks\XiHan.Infrastructure.Scheduling.Tasks.csproj", "{17E7434D-121E-46B2-A87A-B2611B958C8B}"
EndProject
Project("{FAE04EC0-301F-11D3-BF4B-00C04F79EFBC}") = "XiHan.Infrastructure.Email", "XiHan.Infrastructure.Email\XiHan.Infrastructure.Email.csproj", "{85606A00-F83D-4287-81FD-BE668D72DA16}"
EndProject
Project("{2150E333-8FDC-42A3-9474-1A3956D46DE8}") = "4.AppServices", "4.AppServices", "{F6624DD5-EC77-42C6-BF97-04CE1B6C02BB}"
EndProject
Project("{9A19103F-16F7-4668-BE54-9A1E7A4F7556}") = "XiHan.AppService.Bases", "XiHan.AppService.Bases\XiHan.AppService.Bases.csproj", "{DD5C7EB0-734D-42F4-BE93-B66FDA7E3FF0}"
EndProject
Project("{9A19103F-16F7-4668-BE54-9A1E7A4F7556}") = "XiHan.AppService.Syses", "XiHan.AppService.Syses\XiHan.AppService.Syses.csproj", "{E2C821ED-0D55-4A97-AD49-95B82B24E364}"
EndProject
Project("{2150E333-8FDC-42A3-9474-1A3956D46DE8}") = "5.WebApis", "5.WebApis", "{6FDFE743-E0B4-47C0-8B9E-41592FC6954C}"
EndProject
Project("{9A19103F-16F7-4668-BE54-9A1E7A4F7556}") = "XiHan.WebApi", "XiHan.WebApi\XiHan.WebApi.csproj", "{A9883631-BA5C-49EF-8EC1-F788494FEE0F}"
EndProject

Global
	GlobalSection(SolutionConfigurationPlatforms) = preSolution
		Debug|Any CPU = Debug|Any CPU
		Release|Any CPU = Release|Any CPU
	EndGlobalSection
	GlobalSection(ProjectConfigurationPlatforms) = postSolution
		{1880D207-9956-4903-9F8C-4E4E06CD0479}.Debug|Any CPU.ActiveCfg = Debug|Any CPU
		{1880D207-9956-4903-9F8C-4E4E06CD0479}.Debug|Any CPU.Build.0 = Debug|Any CPU
		{1880D207-9956-4903-9F8C-4E4E06CD0479}.Release|Any CPU.ActiveCfg = Release|Any CPU
		{1880D207-9956-4903-9F8C-4E4E06CD0479}.Release|Any CPU.Build.0 = Release|Any CPU
		{8AA08E63-A1C8-4F00-8A85-F748C6CF63E0}.Debug|Any CPU.ActiveCfg = Debug|Any CPU
		{8AA08E63-A1C8-4F00-8A85-F748C6CF63E0}.Debug|Any CPU.Build.0 = Debug|Any CPU
		{8AA08E63-A1C8-4F00-8A85-F748C6CF63E0}.Release|Any CPU.ActiveCfg = Release|Any CPU
		{8AA08E63-A1C8-4F00-8A85-F748C6CF63E0}.Release|Any CPU.Build.0 = Release|Any CPU
		{1074FF30-B6F5-43DF-BA78-2DD92D80F0C1}.Debug|Any CPU.ActiveCfg = Debug|Any CPU
		{1074FF30-B6F5-43DF-BA78-2DD92D80F0C1}.Debug|Any CPU.Build.0 = Debug|Any CPU
		{1074FF30-B6F5-43DF-BA78-2DD92D80F0C1}.Release|Any CPU.ActiveCfg = Release|Any CPU
		{1074FF30-B6F5-43DF-BA78-2DD92D80F0C1}.Release|Any CPU.Build.0 = Release|Any CPU
		{04D60614-F10E-436E-9C79-A3CD269DEA9B}.Debug|Any CPU.ActiveCfg = Debug|Any CPU
		{04D60614-F10E-436E-9C79-A3CD269DEA9B}.Debug|Any CPU.Build.0 = Debug|Any CPU
		{04D60614-F10E-436E-9C79-A3CD269DEA9B}.Release|Any CPU.ActiveCfg = Release|Any CPU
		{04D60614-F10E-436E-9C79-A3CD269DEA9B}.Release|Any CPU.Build.0 = Release|Any CPU
		{5C1F8A75-94C2-42AE-82E7-23C1057AA166}.Debug|Any CPU.ActiveCfg = Debug|Any CPU
		{5C1F8A75-94C2-42AE-82E7-23C1057AA166}.Debug|Any CPU.Build.0 = Debug|Any CPU
		{5C1F8A75-94C2-42AE-82E7-23C1057AA166}.Release|Any CPU.ActiveCfg = Release|Any CPU
		{5C1F8A75-94C2-42AE-82E7-23C1057AA166}.Release|Any CPU.Build.0 = Release|Any CPU
		{96701C4F-4F0B-478D-8E8F-F11FDFE430B7}.Debug|Any CPU.ActiveCfg = Debug|Any CPU
		{96701C4F-4F0B-478D-8E8F-F11FDFE430B7}.Debug|Any CPU.Build.0 = Debug|Any CPU
		{96701C4F-4F0B-478D-8E8F-F11FDFE430B7}.Release|Any CPU.ActiveCfg = Release|Any CPU
		{96701C4F-4F0B-478D-8E8F-F11FDFE430B7}.Release|Any CPU.Build.0 = Release|Any CPU
		{890BD39B-A530-4535-B619-2CC4D63BCA19}.Debug|Any CPU.ActiveCfg = Debug|Any CPU
		{890BD39B-A530-4535-B619-2CC4D63BCA19}.Debug|Any CPU.Build.0 = Debug|Any CPU
		{890BD39B-A530-4535-B619-2CC4D63BCA19}.Release|Any CPU.ActiveCfg = Release|Any CPU
		{890BD39B-A530-4535-B619-2CC4D63BCA19}.Release|Any CPU.Build.0 = Release|Any CPU
		{B68500A3-B60D-453D-B82F-C92748B72334}.Debug|Any CPU.ActiveCfg = Debug|Any CPU
		{B68500A3-B60D-453D-B82F-C92748B72334}.Debug|Any CPU.Build.0 = Debug|Any CPU
		{B68500A3-B60D-453D-B82F-C92748B72334}.Release|Any CPU.ActiveCfg = Release|Any CPU
		{B68500A3-B60D-453D-B82F-C92748B72334}.Release|Any CPU.Build.0 = Release|Any CPU
		{8BEB66BD-24B1-4655-A8C0-07EF232166A6}.Debug|Any CPU.ActiveCfg = Debug|Any CPU
		{8BEB66BD-24B1-4655-A8C0-07EF232166A6}.Debug|Any CPU.Build.0 = Debug|Any CPU
		{8BEB66BD-24B1-4655-A8C0-07EF232166A6}.Release|Any CPU.ActiveCfg = Release|Any CPU
		{8BEB66BD-24B1-4655-A8C0-07EF232166A6}.Release|Any CPU.Build.0 = Release|Any CPU
		{E2C821ED-0D55-4A97-AD49-95B82B24E364}.Debug|Any CPU.ActiveCfg = Debug|Any CPU
		{E2C821ED-0D55-4A97-AD49-95B82B24E364}.Debug|Any CPU.Build.0 = Debug|Any CPU
		{E2C821ED-0D55-4A97-AD49-95B82B24E364}.Release|Any CPU.ActiveCfg = Release|Any CPU
		{E2C821ED-0D55-4A97-AD49-95B82B24E364}.Release|Any CPU.Build.0 = Release|Any CPU
		{DEF796A6-6759-4494-8A6D-4FC309ABCC7B}.Debug|Any CPU.ActiveCfg = Debug|Any CPU
		{DEF796A6-6759-4494-8A6D-4FC309ABCC7B}.Debug|Any CPU.Build.0 = Debug|Any CPU
		{DEF796A6-6759-4494-8A6D-4FC309ABCC7B}.Release|Any CPU.ActiveCfg = Release|Any CPU
		{DEF796A6-6759-4494-8A6D-4FC309ABCC7B}.Release|Any CPU.Build.0 = Release|Any CPU
		{A9883631-BA5C-49EF-8EC1-F788494FEE0F}.Debug|Any CPU.ActiveCfg = Debug|Any CPU
		{A9883631-BA5C-49EF-8EC1-F788494FEE0F}.Debug|Any CPU.Build.0 = Debug|Any CPU
		{A9883631-BA5C-49EF-8EC1-F788494FEE0F}.Release|Any CPU.ActiveCfg = Release|Any CPU
		{A9883631-BA5C-49EF-8EC1-F788494FEE0F}.Release|Any CPU.Build.0 = Release|Any CPU
		{DD5C7EB0-734D-42F4-BE93-B66FDA7E3FF0}.Debug|Any CPU.ActiveCfg = Debug|Any CPU
		{DD5C7EB0-734D-42F4-BE93-B66FDA7E3FF0}.Debug|Any CPU.Build.0 = Debug|Any CPU
		{DD5C7EB0-734D-42F4-BE93-B66FDA7E3FF0}.Release|Any CPU.ActiveCfg = Release|Any CPU
		{DD5C7EB0-734D-42F4-BE93-B66FDA7E3FF0}.Release|Any CPU.Build.0 = Release|Any CPU
		{63B8F031-98F3-4FD3-9B98-DD14E6188701}.Debug|Any CPU.ActiveCfg = Debug|Any CPU
		{63B8F031-98F3-4FD3-9B98-DD14E6188701}.Debug|Any CPU.Build.0 = Debug|Any CPU
		{63B8F031-98F3-4FD3-9B98-DD14E6188701}.Release|Any CPU.ActiveCfg = Release|Any CPU
		{63B8F031-98F3-4FD3-9B98-DD14E6188701}.Release|Any CPU.Build.0 = Release|Any CPU
		{17E7434D-121E-46B2-A87A-B2611B958C8B}.Debug|Any CPU.ActiveCfg = Debug|Any CPU
		{17E7434D-121E-46B2-A87A-B2611B958C8B}.Debug|Any CPU.Build.0 = Debug|Any CPU
		{17E7434D-121E-46B2-A87A-B2611B958C8B}.Release|Any CPU.ActiveCfg = Release|Any CPU
		{17E7434D-121E-46B2-A87A-B2611B958C8B}.Release|Any CPU.Build.0 = Release|Any CPU
		{85606A00-F83D-4287-81FD-BE668D72DA16}.Debug|Any CPU.ActiveCfg = Debug|Any CPU
		{85606A00-F83D-4287-81FD-BE668D72DA16}.Debug|Any CPU.Build.0 = Debug|Any CPU
		{85606A00-F83D-4287-81FD-BE668D72DA16}.Release|Any CPU.ActiveCfg = Release|Any CPU
		{85606A00-F83D-4287-81FD-BE668D72DA16}.Release|Any CPU.Build.0 = Release|Any CPU
	EndGlobalSection
	GlobalSection(SolutionProperties) = preSolution
		HideSolutionNode = FALSE
	EndGlobalSection
	GlobalSection(NestedProjects) = preSolution
		{1880D207-9956-4903-9F8C-4E4E06CD0479} = {9EB2E6D7-EBDC-45B0-98F4-DABA6F7C8FE2}
		{8AA08E63-A1C8-4F00-8A85-F748C6CF63E0} = {9EB2E6D7-EBDC-45B0-98F4-DABA6F7C8FE2}
		{1074FF30-B6F5-43DF-BA78-2DD92D80F0C1} = {9EB2E6D7-EBDC-45B0-98F4-DABA6F7C8FE2}
		{04D60614-F10E-436E-9C79-A3CD269DEA9B} = {9EB2E6D7-EBDC-45B0-98F4-DABA6F7C8FE2}
		{5C1F8A75-94C2-42AE-82E7-23C1057AA166} = {9EB2E6D7-EBDC-45B0-98F4-DABA6F7C8FE2}
		{96701C4F-4F0B-478D-8E8F-F11FDFE430B7} = {9EB2E6D7-EBDC-45B0-98F4-DABA6F7C8FE2}
		{890BD39B-A530-4535-B619-2CC4D63BCA19} = {4244236B-656A-4511-9403-D5D54DF386D8}
		{B68500A3-B60D-453D-B82F-C92748B72334} = {4244236B-656A-4511-9403-D5D54DF386D8}
		{8BEB66BD-24B1-4655-A8C0-07EF232166A6} = {9EB2E6D7-EBDC-45B0-98F4-DABA6F7C8FE2}
		{E2C821ED-0D55-4A97-AD49-95B82B24E364} = {F6624DD5-EC77-42C6-BF97-04CE1B6C02BB}
		{DEF796A6-6759-4494-8A6D-4FC309ABCC7B} = {363B7138-1161-4DC5-A8B7-6232342DD72E}
		{A9883631-BA5C-49EF-8EC1-F788494FEE0F} = {6FDFE743-E0B4-47C0-8B9E-41592FC6954C}
		{DD5C7EB0-734D-42F4-BE93-B66FDA7E3FF0} = {F6624DD5-EC77-42C6-BF97-04CE1B6C02BB}
		{63B8F031-98F3-4FD3-9B98-DD14E6188701} = {9EB2E6D7-EBDC-45B0-98F4-DABA6F7C8FE2}
		{17E7434D-121E-46B2-A87A-B2611B958C8B} = {9EB2E6D7-EBDC-45B0-98F4-DABA6F7C8FE2}
		{85606A00-F83D-4287-81FD-BE668D72DA16} = {9EB2E6D7-EBDC-45B0-98F4-DABA6F7C8FE2}
	EndGlobalSection
	GlobalSection(ExtensibilityGlobals) = postSolution
		SolutionGuid = {DF678F76-2E88-465D-97CF-836AD22DC377}
	EndGlobalSection
EndGlobal
