
Microsoft Visual Studio Solution File, Format Version 12.00
# Visual Studio Version 16
VisualStudioVersion = 25.0.1706.0
MinimumVisualStudioVersion = 10.0.40219.1
Project("{FAE04EC0-301F-11D3-BF4B-00C04F79EFBC}") = "XiHan.WebApi", "XiHan.WebApi.csproj", "{0BFA6A95-CDC0-4B7B-90E4-BFE88F2F4480}"
EndProject
Global
	GlobalSection(SolutionConfigurationPlatforms) = preSolution
		Debug|Any CPU = Debug|Any CPU
		Release|Any CPU = Release|Any CPU
	EndGlobalSection
	GlobalSection(ProjectConfigurationPlatforms) = postSolution
		{0BFA6A95-CDC0-4B7B-90E4-BFE88F2F4480}.Debug|Any CPU.ActiveCfg = Debug|Any CPU
		{0BFA6A95-CDC0-4B7B-90E4-BFE88F2F4480}.Debug|Any CPU.Build.0 = Debug|Any CPU
		{0BFA6A95-CDC0-4B7B-90E4-BFE88F2F4480}.Release|Any CPU.ActiveCfg = Release|Any CPU
		{0BFA6A95-CDC0-4B7B-90E4-BFE88F2F4480}.Release|Any CPU.Build.0 = Release|Any CPU
	EndGlobalSection
	GlobalSection(SolutionProperties) = preSolution
		HideSolutionNode = FALSE
	EndGlobalSection
	GlobalSection(ExtensibilityGlobals) = postSolution
		SolutionGuid = {2C2F7D40-631F-4278-836F-5B50FA3BA7AC}
	EndGlobalSection
EndGlobal
